// !$*UTF8*$!
{
	archiveVersion = 1;
	classes = {
	};
	objectVersion = 46;
	objects = {

/* Begin PBXBuildFile section */
		0E3D69AEDF15ED996F8485C5 /* Pods_Villim.framework in Frameworks */ = {isa = PBXBuildFile; fileRef = 7A374F420AB3D98669C7C05A /* Pods_Villim.framework */; };
		3E0954071F21FDBB000240FA /* DiscoverTableViewController.swift in Sources */ = {isa = PBXBuildFile; fileRef = 3E0954061F21FDBB000240FA /* DiscoverTableViewController.swift */; };
		3E0954091F274B2D000240FA /* VisitTableViewController.swift in Sources */ = {isa = PBXBuildFile; fileRef = 3E0954081F274B2D000240FA /* VisitTableViewController.swift */; };
		3E09540B1F27683A000240FA /* VillimVisit.swift in Sources */ = {isa = PBXBuildFile; fileRef = 3E09540A1F27683A000240FA /* VillimVisit.swift */; };
		3E0F067F1F1E017B0023E229 /* AppDelegate.swift in Sources */ = {isa = PBXBuildFile; fileRef = 3E0F067E1F1E017B0023E229 /* AppDelegate.swift */; };
		3E0F06811F1E017B0023E229 /* ViewController.swift in Sources */ = {isa = PBXBuildFile; fileRef = 3E0F06801F1E017B0023E229 /* ViewController.swift */; };
		3E0F06841F1E017B0023E229 /* Main.storyboard in Resources */ = {isa = PBXBuildFile; fileRef = 3E0F06821F1E017B0023E229 /* Main.storyboard */; };
		3E0F06861F1E017B0023E229 /* Assets.xcassets in Resources */ = {isa = PBXBuildFile; fileRef = 3E0F06851F1E017B0023E229 /* Assets.xcassets */; };
		3E0F06941F1E017B0023E229 /* VillimTests.swift in Sources */ = {isa = PBXBuildFile; fileRef = 3E0F06931F1E017B0023E229 /* VillimTests.swift */; };
		3E0F069F1F1E017B0023E229 /* VillimUITests.swift in Sources */ = {isa = PBXBuildFile; fileRef = 3E0F069E1F1E017B0023E229 /* VillimUITests.swift */; };
		3E0F06B71F1E02CE0023E229 /* DiscoverViewController.swift in Sources */ = {isa = PBXBuildFile; fileRef = 3E0F06AC1F1E02CE0023E229 /* DiscoverViewController.swift */; };
		3E0F06B81F1E02CE0023E229 /* LoginViewController.swift in Sources */ = {isa = PBXBuildFile; fileRef = 3E0F06AD1F1E02CE0023E229 /* LoginViewController.swift */; };
		3E0F06B91F1E02CE0023E229 /* MyKeyViewController.swift in Sources */ = {isa = PBXBuildFile; fileRef = 3E0F06AE1F1E02CE0023E229 /* MyKeyViewController.swift */; };
		3E0F06BA1F1E02CE0023E229 /* ProfileTableViewController.swift in Sources */ = {isa = PBXBuildFile; fileRef = 3E0F06AF1F1E02CE0023E229 /* ProfileTableViewController.swift */; };
		3E0F06BB1F1E02CE0023E229 /* ProfileViewController.swift in Sources */ = {isa = PBXBuildFile; fileRef = 3E0F06B01F1E02CE0023E229 /* ProfileViewController.swift */; };
		3E0F06BC1F1E02CE0023E229 /* TabBarController.swift in Sources */ = {isa = PBXBuildFile; fileRef = 3E0F06B11F1E02CE0023E229 /* TabBarController.swift */; };
		3E0F06BD1F1E02CE0023E229 /* VillimKeys.swift in Sources */ = {isa = PBXBuildFile; fileRef = 3E0F06B21F1E02CE0023E229 /* VillimKeys.swift */; };
		3E0F06BE1F1E02CE0023E229 /* VillimSession.swift in Sources */ = {isa = PBXBuildFile; fileRef = 3E0F06B31F1E02CE0023E229 /* VillimSession.swift */; };
		3E0F06BF1F1E02CE0023E229 /* VillimUser.swift in Sources */ = {isa = PBXBuildFile; fileRef = 3E0F06B41F1E02CE0023E229 /* VillimUser.swift */; };
		3E0F06C01F1E02CE0023E229 /* VillimUtils.swift in Sources */ = {isa = PBXBuildFile; fileRef = 3E0F06B51F1E02CE0023E229 /* VillimUtils.swift */; };
		3E0F06C11F1E02CE0023E229 /* VisitListViewController.swift in Sources */ = {isa = PBXBuildFile; fileRef = 3E0F06B61F1E02CE0023E229 /* VisitListViewController.swift */; };
		3E0F06C31F1E05100023E229 /* Localizable.strings in Resources */ = {isa = PBXBuildFile; fileRef = 3E0F06C21F1E05100023E229 /* Localizable.strings */; };
		3E5043EC1F4546960064B773 /* VisitListTableViewCell.swift in Sources */ = {isa = PBXBuildFile; fileRef = 3E5043EB1F4546960064B773 /* VisitListTableViewCell.swift */; };
		3E5043EE1F45ABD10064B773 /* MyRoomViewController.swift in Sources */ = {isa = PBXBuildFile; fileRef = 3E5043ED1F45ABD10064B773 /* MyRoomViewController.swift */; };
		3E5043F01F45B0560064B773 /* MyRoomTableViewController.swift in Sources */ = {isa = PBXBuildFile; fileRef = 3E5043EF1F45B0560064B773 /* MyRoomTableViewController.swift */; };
		3E5043F21F45B3600064B773 /* MyRoomTableViewCell.swift in Sources */ = {isa = PBXBuildFile; fileRef = 3E5043F11F45B3600064B773 /* MyRoomTableViewCell.swift */; };
		3E5043F41F45C1300064B773 /* MyRoomHeaderView.swift in Sources */ = {isa = PBXBuildFile; fileRef = 3E5043F31F45C1300064B773 /* MyRoomHeaderView.swift */; };
		3E5043F61F45D1720064B773 /* InsetLabel.swift in Sources */ = {isa = PBXBuildFile; fileRef = 3E5043F51F45D1720064B773 /* InsetLabel.swift */; };
		3E50C8AD1F2B99F300308D4E /* VisitDetailViewController.swift in Sources */ = {isa = PBXBuildFile; fileRef = 3E50C8AC1F2B99F300308D4E /* VisitDetailViewController.swift */; };
		3E50C8AF1F2C085A00308D4E /* SignupViewController.swift in Sources */ = {isa = PBXBuildFile; fileRef = 3E50C8AE1F2C085A00308D4E /* SignupViewController.swift */; };
		3E52413A1F3999BE007854FA /* ReservationSuccessViewController.swift in Sources */ = {isa = PBXBuildFile; fileRef = 3E5241391F3999BE007854FA /* ReservationSuccessViewController.swift */; };
		3E5F98821F2E6CB6003AAF8F /* LocationFilterViewController.swift in Sources */ = {isa = PBXBuildFile; fileRef = 3E5F98811F2E6CB6003AAF8F /* LocationFilterViewController.swift */; };
		3E5F98841F2E6D0F003AAF8F /* CalendarViewController.swift in Sources */ = {isa = PBXBuildFile; fileRef = 3E5F98831F2E6D0F003AAF8F /* CalendarViewController.swift */; };
		3E5F98861F2E87C9003AAF8F /* LocationSuggestionTableViewController.swift in Sources */ = {isa = PBXBuildFile; fileRef = 3E5F98851F2E87C9003AAF8F /* LocationSuggestionTableViewController.swift */; };
		3E5F98881F2E8A9F003AAF8F /* VillimLocation.swift in Sources */ = {isa = PBXBuildFile; fileRef = 3E5F98871F2E8A9F003AAF8F /* VillimLocation.swift */; };
		3E5F988A1F2EA3B6003AAF8F /* LocationSuggestionTableViewCell.swift in Sources */ = {isa = PBXBuildFile; fileRef = 3E5F98891F2EA3B6003AAF8F /* LocationSuggestionTableViewCell.swift */; };
		3E65CAF51F365C4900DD2A29 /* VillimDialog.swift in Sources */ = {isa = PBXBuildFile; fileRef = 3E65CAF41F365C4900DD2A29 /* VillimDialog.swift */; };
		3E8543881F21DF9200525F7A /* VillimHouse.swift in Sources */ = {isa = PBXBuildFile; fileRef = 3E8543871F21DF9200525F7A /* VillimHouse.swift */; };
		3E85438A1F21E0F700525F7A /* VillimReservation.swift in Sources */ = {isa = PBXBuildFile; fileRef = 3E8543891F21E0F700525F7A /* VillimReservation.swift */; };
		3E8E44811F42D5AF00F2841D /* DiscoverTableViewCell.swift in Sources */ = {isa = PBXBuildFile; fileRef = 3E8E44801F42D5AF00F2841D /* DiscoverTableViewCell.swift */; };
		3E92EAD31F39C15400AC6FF3 /* ReservationSuccessTableViewController.swift in Sources */ = {isa = PBXBuildFile; fileRef = 3E92EAD21F39C15400AC6FF3 /* ReservationSuccessTableViewController.swift */; };
		3E92EAD71F3A3E5300AC6FF3 /* LaunchScreen.storyboard in Resources */ = {isa = PBXBuildFile; fileRef = 3E92EAD61F3A3E5300AC6FF3 /* LaunchScreen.storyboard */; };
		3E92EAD91F3A9C7900AC6FF3 /* SettingsViewController.swift in Sources */ = {isa = PBXBuildFile; fileRef = 3E92EAD81F3A9C7900AC6FF3 /* SettingsViewController.swift */; };
		3E92EADB1F3AA0F400AC6FF3 /* SettingsTableViewController.swift in Sources */ = {isa = PBXBuildFile; fileRef = 3E92EADA1F3AA0F400AC6FF3 /* SettingsTableViewController.swift */; };
		3E92EADD1F3AC8F100AC6FF3 /* SwitchTableViewCell.swift in Sources */ = {isa = PBXBuildFile; fileRef = 3E92EADC1F3AC8F100AC6FF3 /* SwitchTableViewCell.swift */; };
		3E92EADF1F3AD5A500AC6FF3 /* LicenseVIewController.swift in Sources */ = {isa = PBXBuildFile; fileRef = 3E92EADE1F3AD5A500AC6FF3 /* LicenseVIewController.swift */; };
		3E956A031F348DF4001B7091 /* LocationFilterSearchField.swift in Sources */ = {isa = PBXBuildFile; fileRef = 3E956A021F348DF4001B7091 /* LocationFilterSearchField.swift */; };
		3E956A051F34FA41001B7091 /* CustomTextField.swift in Sources */ = {isa = PBXBuildFile; fileRef = 3E956A041F34FA41001B7091 /* CustomTextField.swift */; };
		3E974C801F21D7C6001F6456 /* HouseTableViewCell.swift in Sources */ = {isa = PBXBuildFile; fileRef = 3E974C7F1F21D7C6001F6456 /* HouseTableViewCell.swift */; };
		3E9C4B461F6ED3C000C6C735 /* DiscoverCollectionViewCell.swift in Sources */ = {isa = PBXBuildFile; fileRef = 3E9C4B451F6ED3C000C6C735 /* DiscoverCollectionViewCell.swift */; };
		3EA017E61F354BA6005557D1 /* VerificationCodeField.swift in Sources */ = {isa = PBXBuildFile; fileRef = 3EA017E51F354BA6005557D1 /* VerificationCodeField.swift */; };
		3EB0512C1F28801500EBBBCE /* HouseDetailViewController.swift in Sources */ = {isa = PBXBuildFile; fileRef = 3EB0512B1F28801500EBBBCE /* HouseDetailViewController.swift */; };
		3EB0512E1F28C60C00EBBBCE /* HouseDetailTableViewController.swift in Sources */ = {isa = PBXBuildFile; fileRef = 3EB0512D1F28C60C00EBBBCE /* HouseDetailTableViewController.swift */; };
		3EB051301F28F13400EBBBCE /* HostInfoTableViewCell.swift in Sources */ = {isa = PBXBuildFile; fileRef = 3EB0512F1F28F13400EBBBCE /* HostInfoTableViewCell.swift */; };
		3EB051351F28F19900EBBBCE /* HouseHeaderTableViewCell.swift in Sources */ = {isa = PBXBuildFile; fileRef = 3EB051341F28F19900EBBBCE /* HouseHeaderTableViewCell.swift */; };
		3EB051371F28F1B800EBBBCE /* HouseInfographicTableViewCell.swift in Sources */ = {isa = PBXBuildFile; fileRef = 3EB051361F28F1B800EBBBCE /* HouseInfographicTableViewCell.swift */; };
		3EB051391F28F1CE00EBBBCE /* HouseDescriptionTableViewCell.swift in Sources */ = {isa = PBXBuildFile; fileRef = 3EB051381F28F1CE00EBBBCE /* HouseDescriptionTableViewCell.swift */; };
		3EB0513B1F28F20900EBBBCE /* HouseGenericTableViewCell.swift in Sources */ = {isa = PBXBuildFile; fileRef = 3EB0513A1F28F20900EBBBCE /* HouseGenericTableViewCell.swift */; };
		3EB0513D1F28F23D00EBBBCE /* HouseAmenitiesTableViewCell.swift in Sources */ = {isa = PBXBuildFile; fileRef = 3EB0513C1F28F23D00EBBBCE /* HouseAmenitiesTableViewCell.swift */; };
		3EB0513F1F28F25000EBBBCE /* HouseReviewTableViewCell.swift in Sources */ = {isa = PBXBuildFile; fileRef = 3EB0513E1F28F25000EBBBCE /* HouseReviewTableViewCell.swift */; };
		3EB051411F28F25B00EBBBCE /* HouseMapTableViewCell.swift in Sources */ = {isa = PBXBuildFile; fileRef = 3EB051401F28F25B00EBBBCE /* HouseMapTableViewCell.swift */; };
		3EB051431F292ADB00EBBBCE /* VillimAmenity.swift in Sources */ = {isa = PBXBuildFile; fileRef = 3EB051421F292ADB00EBBBCE /* VillimAmenity.swift */; };
		3EB051451F2A780800EBBBCE /* SlideButton.swift in Sources */ = {isa = PBXBuildFile; fileRef = 3EB051441F2A780800EBBBCE /* SlideButton.swift */; };
		3EB051471F2AF3CE00EBBBCE /* InfoPlist.strings in Resources */ = {isa = PBXBuildFile; fileRef = 3EB051461F2AF3CE00EBBBCE /* InfoPlist.strings */; };
		3EB051491F2AF57200EBBBCE /* ApplicationShortcut.swift in Sources */ = {isa = PBXBuildFile; fileRef = 3EB051481F2AF57200EBBBCE /* ApplicationShortcut.swift */; };
		3EC65CBE1F7179D00025AC6D /* BMDOHYEON.ttf in Resources */ = {isa = PBXBuildFile; fileRef = 3EC65CBD1F7179980025AC6D /* BMDOHYEON.ttf */; };
		3ED0AC2D1F732D36005A7D22 /* AppNavigationDrawerController.swift in Sources */ = {isa = PBXBuildFile; fileRef = 3ED0AC2C1F732D36005A7D22 /* AppNavigationDrawerController.swift */; };
		3ED0AC2F1F73318E005A7D22 /* AppNavigationController.swift in Sources */ = {isa = PBXBuildFile; fileRef = 3ED0AC2E1F73318E005A7D22 /* AppNavigationController.swift */; };
		3ED0AC331F733426005A7D22 /* MenuViewController.swift in Sources */ = {isa = PBXBuildFile; fileRef = 3ED0AC321F733426005A7D22 /* MenuViewController.swift */; };
		3ED0AC351F734EBC005A7D22 /* styles.json in Resources */ = {isa = PBXBuildFile; fileRef = 3ED0AC341F734EBC005A7D22 /* styles.json */; };
		3ED0AC381F746737005A7D22 /* TriangleView.swift in Sources */ = {isa = PBXBuildFile; fileRef = 3ED0AC371F746737005A7D22 /* TriangleView.swift */; };
		3ED0AC3A1F74675F005A7D22 /* CustomMarkerView.swift in Sources */ = {isa = PBXBuildFile; fileRef = 3ED0AC391F74675F005A7D22 /* CustomMarkerView.swift */; };
		3ED0DE761F340E2E00C89908 /* NotoSansCJKkr-Bold.otf in Resources */ = {isa = PBXBuildFile; fileRef = 3ED0DE701F340E0300C89908 /* NotoSansCJKkr-Bold.otf */; };
		3ED0DE771F340E2E00C89908 /* NotoSansCJKkr-DemiLight.otf in Resources */ = {isa = PBXBuildFile; fileRef = 3ED0DE711F340E0300C89908 /* NotoSansCJKkr-DemiLight.otf */; };
		3ED0DE781F340E2E00C89908 /* NotoSansCJKkr-Medium.otf in Resources */ = {isa = PBXBuildFile; fileRef = 3ED0DE721F340E0300C89908 /* NotoSansCJKkr-Medium.otf */; };
		3ED0DE791F340E2E00C89908 /* NotoSansCJKkr-Regular.otf in Resources */ = {isa = PBXBuildFile; fileRef = 3ED0DE731F340E0300C89908 /* NotoSansCJKkr-Regular.otf */; };
		3EDC139B1F2C0B1A00BA4077 /* VillimValues.swift in Sources */ = {isa = PBXBuildFile; fileRef = 3EDC139A1F2C0B1A00BA4077 /* VillimValues.swift */; };
		3EDC139D1F2C295200BA4077 /* WebViewController.swift in Sources */ = {isa = PBXBuildFile; fileRef = 3EDC139C1F2C295200BA4077 /* WebViewController.swift */; };
		3EDC139F1F2C33A500BA4077 /* FindPasswordViewController.swift in Sources */ = {isa = PBXBuildFile; fileRef = 3EDC139E1F2C33A500BA4077 /* FindPasswordViewController.swift */; };
		3EDC13A11F2C390400BA4077 /* FindPasswordSuccessViewController.swift in Sources */ = {isa = PBXBuildFile; fileRef = 3EDC13A01F2C390400BA4077 /* FindPasswordSuccessViewController.swift */; };
		3EDC13A31F2C5B2300BA4077 /* ChangePasscodeViewController.swift in Sources */ = {isa = PBXBuildFile; fileRef = 3EDC13A21F2C5B2300BA4077 /* ChangePasscodeViewController.swift */; };
		3EDC13A51F2CD4F400BA4077 /* ReviewHouseViewController.swift in Sources */ = {isa = PBXBuildFile; fileRef = 3EDC13A41F2CD4F400BA4077 /* ReviewHouseViewController.swift */; };
		3EDC13A71F2D10D400BA4077 /* RateHouseViewController.swift in Sources */ = {isa = PBXBuildFile; fileRef = 3EDC13A61F2D10D400BA4077 /* RateHouseViewController.swift */; };
		3EDC13A91F2D11A900BA4077 /* RateHouseTableViewController.swift in Sources */ = {isa = PBXBuildFile; fileRef = 3EDC13A81F2D11A900BA4077 /* RateHouseTableViewController.swift */; };
		3EDC13AB1F2D11BA00BA4077 /* RateHouseTableViewCell.swift in Sources */ = {isa = PBXBuildFile; fileRef = 3EDC13AA1F2D11BA00BA4077 /* RateHouseTableViewCell.swift */; };
		3EDC276B1F35117D00228C1F /* ChangePasscodeSuccessViewController.swift in Sources */ = {isa = PBXBuildFile; fileRef = 3EDC276A1F35117D00228C1F /* ChangePasscodeSuccessViewController.swift */; };
		3EDC276D1F35329A00228C1F /* AddPhoneViewController.swift in Sources */ = {isa = PBXBuildFile; fileRef = 3EDC276C1F35329A00228C1F /* AddPhoneViewController.swift */; };
		3EDC276F1F3537B200228C1F /* VerifyPhoneViewController.swift in Sources */ = {isa = PBXBuildFile; fileRef = 3EDC276E1F3537B200228C1F /* VerifyPhoneViewController.swift */; };
		3EDE4CD01F32A1E200FDB275 /* AmenityViewController.swift in Sources */ = {isa = PBXBuildFile; fileRef = 3EDE4CCF1F32A1E200FDB275 /* AmenityViewController.swift */; };
		3EDE4CD21F32A88500FDB275 /* AmenityTableViewController.swift in Sources */ = {isa = PBXBuildFile; fileRef = 3EDE4CD11F32A88500FDB275 /* AmenityTableViewController.swift */; };
		3EDE4CD41F32AAE700FDB275 /* ViewReviewViewController.swift in Sources */ = {isa = PBXBuildFile; fileRef = 3EDE4CD31F32AAE700FDB275 /* ViewReviewViewController.swift */; };
		3EDE4CD61F32B42800FDB275 /* ViewReviewTableViewController.swift in Sources */ = {isa = PBXBuildFile; fileRef = 3EDE4CD51F32B42800FDB275 /* ViewReviewTableViewController.swift */; };
		3EDE4CD81F32B49800FDB275 /* ViewReviewTableViewCell.swift in Sources */ = {isa = PBXBuildFile; fileRef = 3EDE4CD71F32B49800FDB275 /* ViewReviewTableViewCell.swift */; };
		3EDE4CDA1F32B6B300FDB275 /* VillimReview.swift in Sources */ = {isa = PBXBuildFile; fileRef = 3EDE4CD91F32B6B300FDB275 /* VillimReview.swift */; };
		3EDE4CDC1F32E7CA00FDB275 /* PricePolicyViewController.swift in Sources */ = {isa = PBXBuildFile; fileRef = 3EDE4CDB1F32E7CA00FDB275 /* PricePolicyViewController.swift */; };
		3EDE4CDE1F32FB6E00FDB275 /* HousePolicyViewController.swift in Sources */ = {isa = PBXBuildFile; fileRef = 3EDE4CDD1F32FB6E00FDB275 /* HousePolicyViewController.swift */; };
		3EDE4CE01F32FB8400FDB275 /* CancellationPolicyViewController.swift in Sources */ = {isa = PBXBuildFile; fileRef = 3EDE4CDF1F32FB8400FDB275 /* CancellationPolicyViewController.swift */; };
		3EDE4CE21F33016F00FDB275 /* MapViewController.swift in Sources */ = {isa = PBXBuildFile; fileRef = 3EDE4CE11F33016F00FDB275 /* MapViewController.swift */; };
		3EDE4CE41F3307B500FDB275 /* ReservationViewController.swift in Sources */ = {isa = PBXBuildFile; fileRef = 3EDE4CE31F3307B500FDB275 /* ReservationViewController.swift */; };
		3EDE4CE61F33753A00FDB275 /* ReservationTableViewController.swift in Sources */ = {isa = PBXBuildFile; fileRef = 3EDE4CE51F33753A00FDB275 /* ReservationTableViewController.swift */; };
		3EDE4CE81F337BA500FDB275 /* ReservationHeaderTableViewCell.swift in Sources */ = {isa = PBXBuildFile; fileRef = 3EDE4CE71F337BA500FDB275 /* ReservationHeaderTableViewCell.swift */; };
		3EDE4CEA1F337BBA00FDB275 /* ReservationDatesTableViewCell.swift in Sources */ = {isa = PBXBuildFile; fileRef = 3EDE4CE91F337BBA00FDB275 /* ReservationDatesTableViewCell.swift */; };
		3EDE4CEC1F337BC800FDB275 /* ReservationPriceTableViewCell.swift in Sources */ = {isa = PBXBuildFile; fileRef = 3EDE4CEB1F337BC800FDB275 /* ReservationPriceTableViewCell.swift */; };
		3EDE4CEE1F33A13F00FDB275 /* ViewProfileViewController.swift in Sources */ = {isa = PBXBuildFile; fileRef = 3EDE4CED1F33A13F00FDB275 /* ViewProfileViewController.swift */; };
		3EDE4CF01F33AA0100FDB275 /* ViewProfileTableViewController.swift in Sources */ = {isa = PBXBuildFile; fileRef = 3EDE4CEF1F33AA0100FDB275 /* ViewProfileTableViewController.swift */; };
		3EDE4CF21F33AD1800FDB275 /* ViewProfileTableViewCell.swift in Sources */ = {isa = PBXBuildFile; fileRef = 3EDE4CF11F33AD1800FDB275 /* ViewProfileTableViewCell.swift */; };
		3EDE4CF41F33AD2600FDB275 /* ViewProfileImageTableViewCell.swift in Sources */ = {isa = PBXBuildFile; fileRef = 3EDE4CF31F33AD2600FDB275 /* ViewProfileImageTableViewCell.swift */; };
		3EDE4CF81F33B79900FDB275 /* ViewProfileNameTableViewCell.swift in Sources */ = {isa = PBXBuildFile; fileRef = 3EDE4CF71F33B79900FDB275 /* ViewProfileNameTableViewCell.swift */; };
		3EDE4CFA1F33C49000FDB275 /* ViewProfilePhoneNumberTableViewCell.swift in Sources */ = {isa = PBXBuildFile; fileRef = 3EDE4CF91F33C49000FDB275 /* ViewProfilePhoneNumberTableViewCell.swift */; };
		6E57754B6C2928BF49D1FDED /* Pods_VillimUITests.framework in Frameworks */ = {isa = PBXBuildFile; fileRef = 34AE717394B41235474689E5 /* Pods_VillimUITests.framework */; };
		D8DE01977513B58B276A6C64 /* Pods_VillimTests.framework in Frameworks */ = {isa = PBXBuildFile; fileRef = 3322839E168DFE6423EA068D /* Pods_VillimTests.framework */; };
/* End PBXBuildFile section */

/* Begin PBXContainerItemProxy section */
		3E0F06901F1E017B0023E229 /* PBXContainerItemProxy */ = {
			isa = PBXContainerItemProxy;
			containerPortal = 3E0F06731F1E017A0023E229 /* Project object */;
			proxyType = 1;
			remoteGlobalIDString = 3E0F067A1F1E017B0023E229;
			remoteInfo = Villim;
		};
		3E0F069B1F1E017B0023E229 /* PBXContainerItemProxy */ = {
			isa = PBXContainerItemProxy;
			containerPortal = 3E0F06731F1E017A0023E229 /* Project object */;
			proxyType = 1;
			remoteGlobalIDString = 3E0F067A1F1E017B0023E229;
			remoteInfo = Villim;
		};
/* End PBXContainerItemProxy section */

/* Begin PBXFileReference section */
		1C96302E00D0B8E662503B5D /* Pods-Villim.debug.xcconfig */ = {isa = PBXFileReference; includeInIndex = 1; lastKnownFileType = text.xcconfig; name = "Pods-Villim.debug.xcconfig"; path = "Pods/Target Support Files/Pods-Villim/Pods-Villim.debug.xcconfig"; sourceTree = "<group>"; };
		3322839E168DFE6423EA068D /* Pods_VillimTests.framework */ = {isa = PBXFileReference; explicitFileType = wrapper.framework; includeInIndex = 0; path = Pods_VillimTests.framework; sourceTree = BUILT_PRODUCTS_DIR; };
		34AE717394B41235474689E5 /* Pods_VillimUITests.framework */ = {isa = PBXFileReference; explicitFileType = wrapper.framework; includeInIndex = 0; path = Pods_VillimUITests.framework; sourceTree = BUILT_PRODUCTS_DIR; };
		3E0954061F21FDBB000240FA /* DiscoverTableViewController.swift */ = {isa = PBXFileReference; fileEncoding = 4; lastKnownFileType = sourcecode.swift; path = DiscoverTableViewController.swift; sourceTree = "<group>"; };
		3E0954081F274B2D000240FA /* VisitTableViewController.swift */ = {isa = PBXFileReference; fileEncoding = 4; lastKnownFileType = sourcecode.swift; path = VisitTableViewController.swift; sourceTree = "<group>"; };
		3E09540A1F27683A000240FA /* VillimVisit.swift */ = {isa = PBXFileReference; fileEncoding = 4; lastKnownFileType = sourcecode.swift; path = VillimVisit.swift; sourceTree = "<group>"; };
		3E0F067B1F1E017B0023E229 /* Villim.app */ = {isa = PBXFileReference; explicitFileType = wrapper.application; includeInIndex = 0; path = Villim.app; sourceTree = BUILT_PRODUCTS_DIR; };
		3E0F067E1F1E017B0023E229 /* AppDelegate.swift */ = {isa = PBXFileReference; lastKnownFileType = sourcecode.swift; path = AppDelegate.swift; sourceTree = "<group>"; };
		3E0F06801F1E017B0023E229 /* ViewController.swift */ = {isa = PBXFileReference; lastKnownFileType = sourcecode.swift; path = ViewController.swift; sourceTree = "<group>"; };
		3E0F06831F1E017B0023E229 /* Base */ = {isa = PBXFileReference; lastKnownFileType = file.storyboard; name = Base; path = Base.lproj/Main.storyboard; sourceTree = "<group>"; };
		3E0F06851F1E017B0023E229 /* Assets.xcassets */ = {isa = PBXFileReference; lastKnownFileType = folder.assetcatalog; path = Assets.xcassets; sourceTree = "<group>"; };
		3E0F068A1F1E017B0023E229 /* Info.plist */ = {isa = PBXFileReference; lastKnownFileType = text.plist.xml; path = Info.plist; sourceTree = "<group>"; };
		3E0F068F1F1E017B0023E229 /* VillimTests.xctest */ = {isa = PBXFileReference; explicitFileType = wrapper.cfbundle; includeInIndex = 0; path = VillimTests.xctest; sourceTree = BUILT_PRODUCTS_DIR; };
		3E0F06931F1E017B0023E229 /* VillimTests.swift */ = {isa = PBXFileReference; lastKnownFileType = sourcecode.swift; path = VillimTests.swift; sourceTree = "<group>"; };
		3E0F06951F1E017B0023E229 /* Info.plist */ = {isa = PBXFileReference; lastKnownFileType = text.plist.xml; path = Info.plist; sourceTree = "<group>"; };
		3E0F069A1F1E017B0023E229 /* VillimUITests.xctest */ = {isa = PBXFileReference; explicitFileType = wrapper.cfbundle; includeInIndex = 0; path = VillimUITests.xctest; sourceTree = BUILT_PRODUCTS_DIR; };
		3E0F069E1F1E017B0023E229 /* VillimUITests.swift */ = {isa = PBXFileReference; lastKnownFileType = sourcecode.swift; path = VillimUITests.swift; sourceTree = "<group>"; };
		3E0F06A01F1E017B0023E229 /* Info.plist */ = {isa = PBXFileReference; lastKnownFileType = text.plist.xml; path = Info.plist; sourceTree = "<group>"; };
		3E0F06AC1F1E02CE0023E229 /* DiscoverViewController.swift */ = {isa = PBXFileReference; fileEncoding = 4; lastKnownFileType = sourcecode.swift; path = DiscoverViewController.swift; sourceTree = "<group>"; };
		3E0F06AD1F1E02CE0023E229 /* LoginViewController.swift */ = {isa = PBXFileReference; fileEncoding = 4; lastKnownFileType = sourcecode.swift; path = LoginViewController.swift; sourceTree = "<group>"; };
		3E0F06AE1F1E02CE0023E229 /* MyKeyViewController.swift */ = {isa = PBXFileReference; fileEncoding = 4; lastKnownFileType = sourcecode.swift; path = MyKeyViewController.swift; sourceTree = "<group>"; };
		3E0F06AF1F1E02CE0023E229 /* ProfileTableViewController.swift */ = {isa = PBXFileReference; fileEncoding = 4; lastKnownFileType = sourcecode.swift; path = ProfileTableViewController.swift; sourceTree = "<group>"; };
		3E0F06B01F1E02CE0023E229 /* ProfileViewController.swift */ = {isa = PBXFileReference; fileEncoding = 4; lastKnownFileType = sourcecode.swift; path = ProfileViewController.swift; sourceTree = "<group>"; };
		3E0F06B11F1E02CE0023E229 /* TabBarController.swift */ = {isa = PBXFileReference; fileEncoding = 4; lastKnownFileType = sourcecode.swift; path = TabBarController.swift; sourceTree = "<group>"; };
		3E0F06B21F1E02CE0023E229 /* VillimKeys.swift */ = {isa = PBXFileReference; fileEncoding = 4; lastKnownFileType = sourcecode.swift; path = VillimKeys.swift; sourceTree = "<group>"; };
		3E0F06B31F1E02CE0023E229 /* VillimSession.swift */ = {isa = PBXFileReference; fileEncoding = 4; lastKnownFileType = sourcecode.swift; path = VillimSession.swift; sourceTree = "<group>"; };
		3E0F06B41F1E02CE0023E229 /* VillimUser.swift */ = {isa = PBXFileReference; fileEncoding = 4; lastKnownFileType = sourcecode.swift; path = VillimUser.swift; sourceTree = "<group>"; };
		3E0F06B51F1E02CE0023E229 /* VillimUtils.swift */ = {isa = PBXFileReference; fileEncoding = 4; lastKnownFileType = sourcecode.swift; path = VillimUtils.swift; sourceTree = "<group>"; };
		3E0F06B61F1E02CE0023E229 /* VisitListViewController.swift */ = {isa = PBXFileReference; fileEncoding = 4; lastKnownFileType = sourcecode.swift; path = VisitListViewController.swift; sourceTree = "<group>"; };
		3E0F06C21F1E05100023E229 /* Localizable.strings */ = {isa = PBXFileReference; fileEncoding = 4; lastKnownFileType = text.plist.strings; path = Localizable.strings; sourceTree = "<group>"; };
		3E5043EB1F4546960064B773 /* VisitListTableViewCell.swift */ = {isa = PBXFileReference; fileEncoding = 4; lastKnownFileType = sourcecode.swift; path = VisitListTableViewCell.swift; sourceTree = "<group>"; };
		3E5043ED1F45ABD10064B773 /* MyRoomViewController.swift */ = {isa = PBXFileReference; fileEncoding = 4; lastKnownFileType = sourcecode.swift; path = MyRoomViewController.swift; sourceTree = "<group>"; };
		3E5043EF1F45B0560064B773 /* MyRoomTableViewController.swift */ = {isa = PBXFileReference; fileEncoding = 4; lastKnownFileType = sourcecode.swift; path = MyRoomTableViewController.swift; sourceTree = "<group>"; };
		3E5043F11F45B3600064B773 /* MyRoomTableViewCell.swift */ = {isa = PBXFileReference; fileEncoding = 4; lastKnownFileType = sourcecode.swift; path = MyRoomTableViewCell.swift; sourceTree = "<group>"; };
		3E5043F31F45C1300064B773 /* MyRoomHeaderView.swift */ = {isa = PBXFileReference; fileEncoding = 4; lastKnownFileType = sourcecode.swift; path = MyRoomHeaderView.swift; sourceTree = "<group>"; };
		3E5043F51F45D1720064B773 /* InsetLabel.swift */ = {isa = PBXFileReference; fileEncoding = 4; lastKnownFileType = sourcecode.swift; path = InsetLabel.swift; sourceTree = "<group>"; };
		3E50C8AC1F2B99F300308D4E /* VisitDetailViewController.swift */ = {isa = PBXFileReference; fileEncoding = 4; lastKnownFileType = sourcecode.swift; path = VisitDetailViewController.swift; sourceTree = "<group>"; };
		3E50C8AE1F2C085A00308D4E /* SignupViewController.swift */ = {isa = PBXFileReference; fileEncoding = 4; lastKnownFileType = sourcecode.swift; path = SignupViewController.swift; sourceTree = "<group>"; };
		3E5241391F3999BE007854FA /* ReservationSuccessViewController.swift */ = {isa = PBXFileReference; fileEncoding = 4; lastKnownFileType = sourcecode.swift; path = ReservationSuccessViewController.swift; sourceTree = "<group>"; };
		3E5F98811F2E6CB6003AAF8F /* LocationFilterViewController.swift */ = {isa = PBXFileReference; fileEncoding = 4; lastKnownFileType = sourcecode.swift; path = LocationFilterViewController.swift; sourceTree = "<group>"; };
		3E5F98831F2E6D0F003AAF8F /* CalendarViewController.swift */ = {isa = PBXFileReference; fileEncoding = 4; lastKnownFileType = sourcecode.swift; path = CalendarViewController.swift; sourceTree = "<group>"; };
		3E5F98851F2E87C9003AAF8F /* LocationSuggestionTableViewController.swift */ = {isa = PBXFileReference; fileEncoding = 4; lastKnownFileType = sourcecode.swift; path = LocationSuggestionTableViewController.swift; sourceTree = "<group>"; };
		3E5F98871F2E8A9F003AAF8F /* VillimLocation.swift */ = {isa = PBXFileReference; fileEncoding = 4; lastKnownFileType = sourcecode.swift; path = VillimLocation.swift; sourceTree = "<group>"; };
		3E5F98891F2EA3B6003AAF8F /* LocationSuggestionTableViewCell.swift */ = {isa = PBXFileReference; fileEncoding = 4; lastKnownFileType = sourcecode.swift; path = LocationSuggestionTableViewCell.swift; sourceTree = "<group>"; };
		3E65CAF41F365C4900DD2A29 /* VillimDialog.swift */ = {isa = PBXFileReference; fileEncoding = 4; lastKnownFileType = sourcecode.swift; path = VillimDialog.swift; sourceTree = "<group>"; };
		3E8543871F21DF9200525F7A /* VillimHouse.swift */ = {isa = PBXFileReference; fileEncoding = 4; lastKnownFileType = sourcecode.swift; path = VillimHouse.swift; sourceTree = "<group>"; };
		3E8543891F21E0F700525F7A /* VillimReservation.swift */ = {isa = PBXFileReference; fileEncoding = 4; lastKnownFileType = sourcecode.swift; path = VillimReservation.swift; sourceTree = "<group>"; };
		3E8E44801F42D5AF00F2841D /* DiscoverTableViewCell.swift */ = {isa = PBXFileReference; fileEncoding = 4; lastKnownFileType = sourcecode.swift; path = DiscoverTableViewCell.swift; sourceTree = "<group>"; };
		3E92EAD21F39C15400AC6FF3 /* ReservationSuccessTableViewController.swift */ = {isa = PBXFileReference; fileEncoding = 4; lastKnownFileType = sourcecode.swift; path = ReservationSuccessTableViewController.swift; sourceTree = "<group>"; };
		3E92EAD61F3A3E5300AC6FF3 /* LaunchScreen.storyboard */ = {isa = PBXFileReference; fileEncoding = 4; lastKnownFileType = file.storyboard; name = LaunchScreen.storyboard; path = ../LaunchScreen.storyboard; sourceTree = "<group>"; };
		3E92EAD81F3A9C7900AC6FF3 /* SettingsViewController.swift */ = {isa = PBXFileReference; fileEncoding = 4; lastKnownFileType = sourcecode.swift; path = SettingsViewController.swift; sourceTree = "<group>"; };
		3E92EADA1F3AA0F400AC6FF3 /* SettingsTableViewController.swift */ = {isa = PBXFileReference; fileEncoding = 4; lastKnownFileType = sourcecode.swift; path = SettingsTableViewController.swift; sourceTree = "<group>"; };
		3E92EADC1F3AC8F100AC6FF3 /* SwitchTableViewCell.swift */ = {isa = PBXFileReference; fileEncoding = 4; lastKnownFileType = sourcecode.swift; path = SwitchTableViewCell.swift; sourceTree = "<group>"; };
		3E92EADE1F3AD5A500AC6FF3 /* LicenseVIewController.swift */ = {isa = PBXFileReference; fileEncoding = 4; lastKnownFileType = sourcecode.swift; path = LicenseVIewController.swift; sourceTree = "<group>"; };
		3E956A021F348DF4001B7091 /* LocationFilterSearchField.swift */ = {isa = PBXFileReference; fileEncoding = 4; lastKnownFileType = sourcecode.swift; path = LocationFilterSearchField.swift; sourceTree = "<group>"; };
		3E956A041F34FA41001B7091 /* CustomTextField.swift */ = {isa = PBXFileReference; fileEncoding = 4; lastKnownFileType = sourcecode.swift; path = CustomTextField.swift; sourceTree = "<group>"; };
		3E974C7F1F21D7C6001F6456 /* HouseTableViewCell.swift */ = {isa = PBXFileReference; fileEncoding = 4; lastKnownFileType = sourcecode.swift; path = HouseTableViewCell.swift; sourceTree = "<group>"; };
		3E9C4B451F6ED3C000C6C735 /* DiscoverCollectionViewCell.swift */ = {isa = PBXFileReference; fileEncoding = 4; lastKnownFileType = sourcecode.swift; path = DiscoverCollectionViewCell.swift; sourceTree = "<group>"; };
		3EA017E51F354BA6005557D1 /* VerificationCodeField.swift */ = {isa = PBXFileReference; fileEncoding = 4; lastKnownFileType = sourcecode.swift; path = VerificationCodeField.swift; sourceTree = "<group>"; };
		3EB0512B1F28801500EBBBCE /* HouseDetailViewController.swift */ = {isa = PBXFileReference; fileEncoding = 4; lastKnownFileType = sourcecode.swift; path = HouseDetailViewController.swift; sourceTree = "<group>"; };
		3EB0512D1F28C60C00EBBBCE /* HouseDetailTableViewController.swift */ = {isa = PBXFileReference; fileEncoding = 4; lastKnownFileType = sourcecode.swift; path = HouseDetailTableViewController.swift; sourceTree = "<group>"; };
		3EB0512F1F28F13400EBBBCE /* HostInfoTableViewCell.swift */ = {isa = PBXFileReference; fileEncoding = 4; lastKnownFileType = sourcecode.swift; path = HostInfoTableViewCell.swift; sourceTree = "<group>"; };
		3EB051341F28F19900EBBBCE /* HouseHeaderTableViewCell.swift */ = {isa = PBXFileReference; fileEncoding = 4; lastKnownFileType = sourcecode.swift; path = HouseHeaderTableViewCell.swift; sourceTree = "<group>"; };
		3EB051361F28F1B800EBBBCE /* HouseInfographicTableViewCell.swift */ = {isa = PBXFileReference; fileEncoding = 4; lastKnownFileType = sourcecode.swift; path = HouseInfographicTableViewCell.swift; sourceTree = "<group>"; };
		3EB051381F28F1CE00EBBBCE /* HouseDescriptionTableViewCell.swift */ = {isa = PBXFileReference; fileEncoding = 4; lastKnownFileType = sourcecode.swift; path = HouseDescriptionTableViewCell.swift; sourceTree = "<group>"; };
		3EB0513A1F28F20900EBBBCE /* HouseGenericTableViewCell.swift */ = {isa = PBXFileReference; fileEncoding = 4; lastKnownFileType = sourcecode.swift; path = HouseGenericTableViewCell.swift; sourceTree = "<group>"; };
		3EB0513C1F28F23D00EBBBCE /* HouseAmenitiesTableViewCell.swift */ = {isa = PBXFileReference; fileEncoding = 4; lastKnownFileType = sourcecode.swift; path = HouseAmenitiesTableViewCell.swift; sourceTree = "<group>"; };
		3EB0513E1F28F25000EBBBCE /* HouseReviewTableViewCell.swift */ = {isa = PBXFileReference; fileEncoding = 4; lastKnownFileType = sourcecode.swift; path = HouseReviewTableViewCell.swift; sourceTree = "<group>"; };
		3EB051401F28F25B00EBBBCE /* HouseMapTableViewCell.swift */ = {isa = PBXFileReference; fileEncoding = 4; lastKnownFileType = sourcecode.swift; path = HouseMapTableViewCell.swift; sourceTree = "<group>"; };
		3EB051421F292ADB00EBBBCE /* VillimAmenity.swift */ = {isa = PBXFileReference; fileEncoding = 4; lastKnownFileType = sourcecode.swift; path = VillimAmenity.swift; sourceTree = "<group>"; };
		3EB051441F2A780800EBBBCE /* SlideButton.swift */ = {isa = PBXFileReference; fileEncoding = 4; lastKnownFileType = sourcecode.swift; path = SlideButton.swift; sourceTree = "<group>"; };
		3EB051461F2AF3CE00EBBBCE /* InfoPlist.strings */ = {isa = PBXFileReference; fileEncoding = 4; lastKnownFileType = text.plist.strings; path = InfoPlist.strings; sourceTree = "<group>"; };
		3EB051481F2AF57200EBBBCE /* ApplicationShortcut.swift */ = {isa = PBXFileReference; fileEncoding = 4; lastKnownFileType = sourcecode.swift; path = ApplicationShortcut.swift; sourceTree = "<group>"; };
		3EC65CBD1F7179980025AC6D /* BMDOHYEON.ttf */ = {isa = PBXFileReference; lastKnownFileType = file; path = BMDOHYEON.ttf; sourceTree = "<group>"; };
		3ED0AC2C1F732D36005A7D22 /* AppNavigationDrawerController.swift */ = {isa = PBXFileReference; fileEncoding = 4; lastKnownFileType = sourcecode.swift; path = AppNavigationDrawerController.swift; sourceTree = "<group>"; };
		3ED0AC2E1F73318E005A7D22 /* AppNavigationController.swift */ = {isa = PBXFileReference; fileEncoding = 4; lastKnownFileType = sourcecode.swift; path = AppNavigationController.swift; sourceTree = "<group>"; };
		3ED0AC321F733426005A7D22 /* MenuViewController.swift */ = {isa = PBXFileReference; fileEncoding = 4; lastKnownFileType = sourcecode.swift; path = MenuViewController.swift; sourceTree = "<group>"; };
		3ED0AC341F734EBC005A7D22 /* styles.json */ = {isa = PBXFileReference; fileEncoding = 4; lastKnownFileType = text.json; path = styles.json; sourceTree = "<group>"; };
		3ED0AC371F746737005A7D22 /* TriangleView.swift */ = {isa = PBXFileReference; fileEncoding = 4; lastKnownFileType = sourcecode.swift; path = TriangleView.swift; sourceTree = "<group>"; };
		3ED0AC391F74675F005A7D22 /* CustomMarkerView.swift */ = {isa = PBXFileReference; fileEncoding = 4; lastKnownFileType = sourcecode.swift; path = CustomMarkerView.swift; sourceTree = "<group>"; };
		3ED0DE701F340E0300C89908 /* NotoSansCJKkr-Bold.otf */ = {isa = PBXFileReference; lastKnownFileType = file; path = "NotoSansCJKkr-Bold.otf"; sourceTree = "<group>"; };
		3ED0DE711F340E0300C89908 /* NotoSansCJKkr-DemiLight.otf */ = {isa = PBXFileReference; lastKnownFileType = file; path = "NotoSansCJKkr-DemiLight.otf"; sourceTree = "<group>"; };
		3ED0DE721F340E0300C89908 /* NotoSansCJKkr-Medium.otf */ = {isa = PBXFileReference; lastKnownFileType = file; path = "NotoSansCJKkr-Medium.otf"; sourceTree = "<group>"; };
		3ED0DE731F340E0300C89908 /* NotoSansCJKkr-Regular.otf */ = {isa = PBXFileReference; lastKnownFileType = file; path = "NotoSansCJKkr-Regular.otf"; sourceTree = "<group>"; };
		3EDC139A1F2C0B1A00BA4077 /* VillimValues.swift */ = {isa = PBXFileReference; fileEncoding = 4; lastKnownFileType = sourcecode.swift; path = VillimValues.swift; sourceTree = "<group>"; };
		3EDC139C1F2C295200BA4077 /* WebViewController.swift */ = {isa = PBXFileReference; fileEncoding = 4; lastKnownFileType = sourcecode.swift; path = WebViewController.swift; sourceTree = "<group>"; };
		3EDC139E1F2C33A500BA4077 /* FindPasswordViewController.swift */ = {isa = PBXFileReference; fileEncoding = 4; lastKnownFileType = sourcecode.swift; path = FindPasswordViewController.swift; sourceTree = "<group>"; };
		3EDC13A01F2C390400BA4077 /* FindPasswordSuccessViewController.swift */ = {isa = PBXFileReference; fileEncoding = 4; lastKnownFileType = sourcecode.swift; path = FindPasswordSuccessViewController.swift; sourceTree = "<group>"; };
		3EDC13A21F2C5B2300BA4077 /* ChangePasscodeViewController.swift */ = {isa = PBXFileReference; fileEncoding = 4; lastKnownFileType = sourcecode.swift; path = ChangePasscodeViewController.swift; sourceTree = "<group>"; };
		3EDC13A41F2CD4F400BA4077 /* ReviewHouseViewController.swift */ = {isa = PBXFileReference; fileEncoding = 4; lastKnownFileType = sourcecode.swift; path = ReviewHouseViewController.swift; sourceTree = "<group>"; };
		3EDC13A61F2D10D400BA4077 /* RateHouseViewController.swift */ = {isa = PBXFileReference; fileEncoding = 4; lastKnownFileType = sourcecode.swift; path = RateHouseViewController.swift; sourceTree = "<group>"; };
		3EDC13A81F2D11A900BA4077 /* RateHouseTableViewController.swift */ = {isa = PBXFileReference; fileEncoding = 4; lastKnownFileType = sourcecode.swift; path = RateHouseTableViewController.swift; sourceTree = "<group>"; };
		3EDC13AA1F2D11BA00BA4077 /* RateHouseTableViewCell.swift */ = {isa = PBXFileReference; fileEncoding = 4; lastKnownFileType = sourcecode.swift; path = RateHouseTableViewCell.swift; sourceTree = "<group>"; };
		3EDC276A1F35117D00228C1F /* ChangePasscodeSuccessViewController.swift */ = {isa = PBXFileReference; fileEncoding = 4; lastKnownFileType = sourcecode.swift; path = ChangePasscodeSuccessViewController.swift; sourceTree = "<group>"; };
		3EDC276C1F35329A00228C1F /* AddPhoneViewController.swift */ = {isa = PBXFileReference; fileEncoding = 4; lastKnownFileType = sourcecode.swift; path = AddPhoneViewController.swift; sourceTree = "<group>"; };
		3EDC276E1F3537B200228C1F /* VerifyPhoneViewController.swift */ = {isa = PBXFileReference; fileEncoding = 4; lastKnownFileType = sourcecode.swift; path = VerifyPhoneViewController.swift; sourceTree = "<group>"; };
		3EDE4CCF1F32A1E200FDB275 /* AmenityViewController.swift */ = {isa = PBXFileReference; fileEncoding = 4; lastKnownFileType = sourcecode.swift; path = AmenityViewController.swift; sourceTree = "<group>"; };
		3EDE4CD11F32A88500FDB275 /* AmenityTableViewController.swift */ = {isa = PBXFileReference; fileEncoding = 4; lastKnownFileType = sourcecode.swift; path = AmenityTableViewController.swift; sourceTree = "<group>"; };
		3EDE4CD31F32AAE700FDB275 /* ViewReviewViewController.swift */ = {isa = PBXFileReference; fileEncoding = 4; lastKnownFileType = sourcecode.swift; path = ViewReviewViewController.swift; sourceTree = "<group>"; };
		3EDE4CD51F32B42800FDB275 /* ViewReviewTableViewController.swift */ = {isa = PBXFileReference; fileEncoding = 4; lastKnownFileType = sourcecode.swift; path = ViewReviewTableViewController.swift; sourceTree = "<group>"; };
		3EDE4CD71F32B49800FDB275 /* ViewReviewTableViewCell.swift */ = {isa = PBXFileReference; fileEncoding = 4; lastKnownFileType = sourcecode.swift; path = ViewReviewTableViewCell.swift; sourceTree = "<group>"; };
		3EDE4CD91F32B6B300FDB275 /* VillimReview.swift */ = {isa = PBXFileReference; fileEncoding = 4; lastKnownFileType = sourcecode.swift; path = VillimReview.swift; sourceTree = "<group>"; };
		3EDE4CDB1F32E7CA00FDB275 /* PricePolicyViewController.swift */ = {isa = PBXFileReference; fileEncoding = 4; lastKnownFileType = sourcecode.swift; path = PricePolicyViewController.swift; sourceTree = "<group>"; };
		3EDE4CDD1F32FB6E00FDB275 /* HousePolicyViewController.swift */ = {isa = PBXFileReference; fileEncoding = 4; lastKnownFileType = sourcecode.swift; path = HousePolicyViewController.swift; sourceTree = "<group>"; };
		3EDE4CDF1F32FB8400FDB275 /* CancellationPolicyViewController.swift */ = {isa = PBXFileReference; fileEncoding = 4; lastKnownFileType = sourcecode.swift; path = CancellationPolicyViewController.swift; sourceTree = "<group>"; };
		3EDE4CE11F33016F00FDB275 /* MapViewController.swift */ = {isa = PBXFileReference; fileEncoding = 4; lastKnownFileType = sourcecode.swift; path = MapViewController.swift; sourceTree = "<group>"; };
		3EDE4CE31F3307B500FDB275 /* ReservationViewController.swift */ = {isa = PBXFileReference; fileEncoding = 4; lastKnownFileType = sourcecode.swift; path = ReservationViewController.swift; sourceTree = "<group>"; };
		3EDE4CE51F33753A00FDB275 /* ReservationTableViewController.swift */ = {isa = PBXFileReference; fileEncoding = 4; lastKnownFileType = sourcecode.swift; path = ReservationTableViewController.swift; sourceTree = "<group>"; };
		3EDE4CE71F337BA500FDB275 /* ReservationHeaderTableViewCell.swift */ = {isa = PBXFileReference; fileEncoding = 4; lastKnownFileType = sourcecode.swift; path = ReservationHeaderTableViewCell.swift; sourceTree = "<group>"; };
		3EDE4CE91F337BBA00FDB275 /* ReservationDatesTableViewCell.swift */ = {isa = PBXFileReference; fileEncoding = 4; lastKnownFileType = sourcecode.swift; path = ReservationDatesTableViewCell.swift; sourceTree = "<group>"; };
		3EDE4CEB1F337BC800FDB275 /* ReservationPriceTableViewCell.swift */ = {isa = PBXFileReference; fileEncoding = 4; lastKnownFileType = sourcecode.swift; path = ReservationPriceTableViewCell.swift; sourceTree = "<group>"; };
		3EDE4CED1F33A13F00FDB275 /* ViewProfileViewController.swift */ = {isa = PBXFileReference; fileEncoding = 4; lastKnownFileType = sourcecode.swift; path = ViewProfileViewController.swift; sourceTree = "<group>"; };
		3EDE4CEF1F33AA0100FDB275 /* ViewProfileTableViewController.swift */ = {isa = PBXFileReference; fileEncoding = 4; lastKnownFileType = sourcecode.swift; path = ViewProfileTableViewController.swift; sourceTree = "<group>"; };
		3EDE4CF11F33AD1800FDB275 /* ViewProfileTableViewCell.swift */ = {isa = PBXFileReference; fileEncoding = 4; lastKnownFileType = sourcecode.swift; path = ViewProfileTableViewCell.swift; sourceTree = "<group>"; };
		3EDE4CF31F33AD2600FDB275 /* ViewProfileImageTableViewCell.swift */ = {isa = PBXFileReference; fileEncoding = 4; lastKnownFileType = sourcecode.swift; path = ViewProfileImageTableViewCell.swift; sourceTree = "<group>"; };
		3EDE4CF71F33B79900FDB275 /* ViewProfileNameTableViewCell.swift */ = {isa = PBXFileReference; fileEncoding = 4; lastKnownFileType = sourcecode.swift; path = ViewProfileNameTableViewCell.swift; sourceTree = "<group>"; };
		3EDE4CF91F33C49000FDB275 /* ViewProfilePhoneNumberTableViewCell.swift */ = {isa = PBXFileReference; fileEncoding = 4; lastKnownFileType = sourcecode.swift; path = ViewProfilePhoneNumberTableViewCell.swift; sourceTree = "<group>"; };
		71CE8952B88C7C207789277C /* Pods-VillimUITests.release.xcconfig */ = {isa = PBXFileReference; includeInIndex = 1; lastKnownFileType = text.xcconfig; name = "Pods-VillimUITests.release.xcconfig"; path = "Pods/Target Support Files/Pods-VillimUITests/Pods-VillimUITests.release.xcconfig"; sourceTree = "<group>"; };
		7A374F420AB3D98669C7C05A /* Pods_Villim.framework */ = {isa = PBXFileReference; explicitFileType = wrapper.framework; includeInIndex = 0; path = Pods_Villim.framework; sourceTree = BUILT_PRODUCTS_DIR; };
		D297C5EF9DB469E5903EBE94 /* Pods-VillimUITests.debug.xcconfig */ = {isa = PBXFileReference; includeInIndex = 1; lastKnownFileType = text.xcconfig; name = "Pods-VillimUITests.debug.xcconfig"; path = "Pods/Target Support Files/Pods-VillimUITests/Pods-VillimUITests.debug.xcconfig"; sourceTree = "<group>"; };
		F2B065641EAFF280A3E9C440 /* Pods-VillimTests.debug.xcconfig */ = {isa = PBXFileReference; includeInIndex = 1; lastKnownFileType = text.xcconfig; name = "Pods-VillimTests.debug.xcconfig"; path = "Pods/Target Support Files/Pods-VillimTests/Pods-VillimTests.debug.xcconfig"; sourceTree = "<group>"; };
		F6595563A022D27E13E36E23 /* Pods-VillimTests.release.xcconfig */ = {isa = PBXFileReference; includeInIndex = 1; lastKnownFileType = text.xcconfig; name = "Pods-VillimTests.release.xcconfig"; path = "Pods/Target Support Files/Pods-VillimTests/Pods-VillimTests.release.xcconfig"; sourceTree = "<group>"; };
		FE03815373A7AD321523721B /* Pods-Villim.release.xcconfig */ = {isa = PBXFileReference; includeInIndex = 1; lastKnownFileType = text.xcconfig; name = "Pods-Villim.release.xcconfig"; path = "Pods/Target Support Files/Pods-Villim/Pods-Villim.release.xcconfig"; sourceTree = "<group>"; };
/* End PBXFileReference section */

/* Begin PBXFrameworksBuildPhase section */
		3E0F06781F1E017B0023E229 /* Frameworks */ = {
			isa = PBXFrameworksBuildPhase;
			buildActionMask = 2147483647;
			files = (
				0E3D69AEDF15ED996F8485C5 /* Pods_Villim.framework in Frameworks */,
			);
			runOnlyForDeploymentPostprocessing = 0;
		};
		3E0F068C1F1E017B0023E229 /* Frameworks */ = {
			isa = PBXFrameworksBuildPhase;
			buildActionMask = 2147483647;
			files = (
				D8DE01977513B58B276A6C64 /* Pods_VillimTests.framework in Frameworks */,
			);
			runOnlyForDeploymentPostprocessing = 0;
		};
		3E0F06971F1E017B0023E229 /* Frameworks */ = {
			isa = PBXFrameworksBuildPhase;
			buildActionMask = 2147483647;
			files = (
				6E57754B6C2928BF49D1FDED /* Pods_VillimUITests.framework in Frameworks */,
			);
			runOnlyForDeploymentPostprocessing = 0;
		};
/* End PBXFrameworksBuildPhase section */

/* Begin PBXGroup section */
		3C3886036A2A48F41CB7A3BD /* Frameworks */ = {
			isa = PBXGroup;
			children = (
				7A374F420AB3D98669C7C05A /* Pods_Villim.framework */,
				3322839E168DFE6423EA068D /* Pods_VillimTests.framework */,
				34AE717394B41235474689E5 /* Pods_VillimUITests.framework */,
			);
			name = Frameworks;
			sourceTree = "<group>";
		};
		3E0F06721F1E017A0023E229 = {
			isa = PBXGroup;
			children = (
				3E0F067D1F1E017B0023E229 /* Villim */,
				3E0F06921F1E017B0023E229 /* VillimTests */,
				3E0F069D1F1E017B0023E229 /* VillimUITests */,
				3E0F067C1F1E017B0023E229 /* Products */,
				CD22804159B5B93D14698D7B /* Pods */,
				3C3886036A2A48F41CB7A3BD /* Frameworks */,
			);
			sourceTree = "<group>";
		};
		3E0F067C1F1E017B0023E229 /* Products */ = {
			isa = PBXGroup;
			children = (
				3E0F067B1F1E017B0023E229 /* Villim.app */,
				3E0F068F1F1E017B0023E229 /* VillimTests.xctest */,
				3E0F069A1F1E017B0023E229 /* VillimUITests.xctest */,
			);
			name = Products;
			sourceTree = "<group>";
		};
		3E0F067D1F1E017B0023E229 /* Villim */ = {
			isa = PBXGroup;
			children = (
				3ED0DE6D1F340DE100C89908 /* Fonts */,
				3EB051331F28F16A00EBBBCE /* Models */,
				3EB051311F28F13F00EBBBCE /* TableViewCells */,
				3EB051321F28F15400EBBBCE /* TableViewControllers */,
				3ED0AC361F746701005A7D22 /* Custom Marker */,
				3E0F06C21F1E05100023E229 /* Localizable.strings */,
				3E0F067E1F1E017B0023E229 /* AppDelegate.swift */,
				3E0F06801F1E017B0023E229 /* ViewController.swift */,
				3EB051481F2AF57200EBBBCE /* ApplicationShortcut.swift */,
				3ED0AC2E1F73318E005A7D22 /* AppNavigationController.swift */,
				3ED0AC2C1F732D36005A7D22 /* AppNavigationDrawerController.swift */,
				3ED0AC321F733426005A7D22 /* MenuViewController.swift */,
				3E0F06B11F1E02CE0023E229 /* TabBarController.swift */,
				3E0F06821F1E017B0023E229 /* Main.storyboard */,
				3E0F06851F1E017B0023E229 /* Assets.xcassets */,
				3E92EAD61F3A3E5300AC6FF3 /* LaunchScreen.storyboard */,
				3E0F068A1F1E017B0023E229 /* Info.plist */,
				3EB051461F2AF3CE00EBBBCE /* InfoPlist.strings */,
				3ED0AC341F734EBC005A7D22 /* styles.json */,
				3E0F06AC1F1E02CE0023E229 /* DiscoverViewController.swift */,
				3E5F98811F2E6CB6003AAF8F /* LocationFilterViewController.swift */,
				3E5F98831F2E6D0F003AAF8F /* CalendarViewController.swift */,
				3EB0512B1F28801500EBBBCE /* HouseDetailViewController.swift */,
				3EDE4CDB1F32E7CA00FDB275 /* PricePolicyViewController.swift */,
				3EDE4CD31F32AAE700FDB275 /* ViewReviewViewController.swift */,
				3EDE4CCF1F32A1E200FDB275 /* AmenityViewController.swift */,
				3EDE4CE11F33016F00FDB275 /* MapViewController.swift */,
				3EDE4CDD1F32FB6E00FDB275 /* HousePolicyViewController.swift */,
				3EDE4CDF1F32FB8400FDB275 /* CancellationPolicyViewController.swift */,
				3EDE4CE31F3307B500FDB275 /* ReservationViewController.swift */,
				3E5241391F3999BE007854FA /* ReservationSuccessViewController.swift */,
				3E5043ED1F45ABD10064B773 /* MyRoomViewController.swift */,
				3E5043F31F45C1300064B773 /* MyRoomHeaderView.swift */,
				3E0F06AE1F1E02CE0023E229 /* MyKeyViewController.swift */,
				3EDC13A41F2CD4F400BA4077 /* ReviewHouseViewController.swift */,
				3EDC13A61F2D10D400BA4077 /* RateHouseViewController.swift */,
				3EDC13A21F2C5B2300BA4077 /* ChangePasscodeViewController.swift */,
				3EDC276A1F35117D00228C1F /* ChangePasscodeSuccessViewController.swift */,
				3E0F06B61F1E02CE0023E229 /* VisitListViewController.swift */,
				3E50C8AC1F2B99F300308D4E /* VisitDetailViewController.swift */,
				3E0F06B01F1E02CE0023E229 /* ProfileViewController.swift */,
				3E0F06AD1F1E02CE0023E229 /* LoginViewController.swift */,
				3E50C8AE1F2C085A00308D4E /* SignupViewController.swift */,
				3EDC139E1F2C33A500BA4077 /* FindPasswordViewController.swift */,
				3EDC13A01F2C390400BA4077 /* FindPasswordSuccessViewController.swift */,
				3EDE4CED1F33A13F00FDB275 /* ViewProfileViewController.swift */,
				3EDC276C1F35329A00228C1F /* AddPhoneViewController.swift */,
				3EDC276E1F3537B200228C1F /* VerifyPhoneViewController.swift */,
				3E92EAD81F3A9C7900AC6FF3 /* SettingsViewController.swift */,
				3E92EADE1F3AD5A500AC6FF3 /* LicenseVIewController.swift */,
				3E65CAF41F365C4900DD2A29 /* VillimDialog.swift */,
				3EB051441F2A780800EBBBCE /* SlideButton.swift */,
				3E5043F51F45D1720064B773 /* InsetLabel.swift */,
				3E956A021F348DF4001B7091 /* LocationFilterSearchField.swift */,
				3E956A041F34FA41001B7091 /* CustomTextField.swift */,
				3EA017E51F354BA6005557D1 /* VerificationCodeField.swift */,
				3EDC139C1F2C295200BA4077 /* WebViewController.swift */,
				3E0F06B21F1E02CE0023E229 /* VillimKeys.swift */,
				3EDC139A1F2C0B1A00BA4077 /* VillimValues.swift */,
				3E0F06B51F1E02CE0023E229 /* VillimUtils.swift */,
			);
			path = Villim;
			sourceTree = "<group>";
		};
		3E0F06921F1E017B0023E229 /* VillimTests */ = {
			isa = PBXGroup;
			children = (
				3E0F06931F1E017B0023E229 /* VillimTests.swift */,
				3E0F06951F1E017B0023E229 /* Info.plist */,
			);
			path = VillimTests;
			sourceTree = "<group>";
		};
		3E0F069D1F1E017B0023E229 /* VillimUITests */ = {
			isa = PBXGroup;
			children = (
				3E0F069E1F1E017B0023E229 /* VillimUITests.swift */,
				3E0F06A01F1E017B0023E229 /* Info.plist */,
			);
			path = VillimUITests;
			sourceTree = "<group>";
		};
		3EB051311F28F13F00EBBBCE /* TableViewCells */ = {
			isa = PBXGroup;
			children = (
				3E974C7F1F21D7C6001F6456 /* HouseTableViewCell.swift */,
				3E9C4B451F6ED3C000C6C735 /* DiscoverCollectionViewCell.swift */,
				3E8E44801F42D5AF00F2841D /* DiscoverTableViewCell.swift */,
				3EB0512F1F28F13400EBBBCE /* HostInfoTableViewCell.swift */,
				3EB051341F28F19900EBBBCE /* HouseHeaderTableViewCell.swift */,
				3EB051361F28F1B800EBBBCE /* HouseInfographicTableViewCell.swift */,
				3EB051381F28F1CE00EBBBCE /* HouseDescriptionTableViewCell.swift */,
				3EB0513A1F28F20900EBBBCE /* HouseGenericTableViewCell.swift */,
				3EB0513C1F28F23D00EBBBCE /* HouseAmenitiesTableViewCell.swift */,
				3EB0513E1F28F25000EBBBCE /* HouseReviewTableViewCell.swift */,
				3EB051401F28F25B00EBBBCE /* HouseMapTableViewCell.swift */,
				3EDC13AA1F2D11BA00BA4077 /* RateHouseTableViewCell.swift */,
				3E5F98891F2EA3B6003AAF8F /* LocationSuggestionTableViewCell.swift */,
				3EDE4CD71F32B49800FDB275 /* ViewReviewTableViewCell.swift */,
				3EDE4CE71F337BA500FDB275 /* ReservationHeaderTableViewCell.swift */,
				3EDE4CE91F337BBA00FDB275 /* ReservationDatesTableViewCell.swift */,
				3EDE4CEB1F337BC800FDB275 /* ReservationPriceTableViewCell.swift */,
				3E5043F11F45B3600064B773 /* MyRoomTableViewCell.swift */,
				3E5043EB1F4546960064B773 /* VisitListTableViewCell.swift */,
				3EDE4CF11F33AD1800FDB275 /* ViewProfileTableViewCell.swift */,
				3EDE4CF71F33B79900FDB275 /* ViewProfileNameTableViewCell.swift */,
				3EDE4CF31F33AD2600FDB275 /* ViewProfileImageTableViewCell.swift */,
				3EDE4CF91F33C49000FDB275 /* ViewProfilePhoneNumberTableViewCell.swift */,
				3E92EADC1F3AC8F100AC6FF3 /* SwitchTableViewCell.swift */,
			);
			name = TableViewCells;
			sourceTree = "<group>";
		};
		3EB051321F28F15400EBBBCE /* TableViewControllers */ = {
			isa = PBXGroup;
			children = (
				3E0954061F21FDBB000240FA /* DiscoverTableViewController.swift */,
				3E5F98851F2E87C9003AAF8F /* LocationSuggestionTableViewController.swift */,
				3EB0512D1F28C60C00EBBBCE /* HouseDetailTableViewController.swift */,
				3EDE4CD11F32A88500FDB275 /* AmenityTableViewController.swift */,
				3EDE4CD51F32B42800FDB275 /* ViewReviewTableViewController.swift */,
				3EDE4CE51F33753A00FDB275 /* ReservationTableViewController.swift */,
				3E92EAD21F39C15400AC6FF3 /* ReservationSuccessTableViewController.swift */,
				3E5043EF1F45B0560064B773 /* MyRoomTableViewController.swift */,
				3EDC13A81F2D11A900BA4077 /* RateHouseTableViewController.swift */,
				3E0954081F274B2D000240FA /* VisitTableViewController.swift */,
				3E0F06AF1F1E02CE0023E229 /* ProfileTableViewController.swift */,
				3EDE4CEF1F33AA0100FDB275 /* ViewProfileTableViewController.swift */,
				3E92EADA1F3AA0F400AC6FF3 /* SettingsTableViewController.swift */,
			);
			name = TableViewControllers;
			sourceTree = "<group>";
		};
		3EB051331F28F16A00EBBBCE /* Models */ = {
			isa = PBXGroup;
			children = (
				3E5F98871F2E8A9F003AAF8F /* VillimLocation.swift */,
				3E0F06B31F1E02CE0023E229 /* VillimSession.swift */,
				3E0F06B41F1E02CE0023E229 /* VillimUser.swift */,
				3E8543871F21DF9200525F7A /* VillimHouse.swift */,
				3E09540A1F27683A000240FA /* VillimVisit.swift */,
				3E8543891F21E0F700525F7A /* VillimReservation.swift */,
				3EB051421F292ADB00EBBBCE /* VillimAmenity.swift */,
				3EDE4CD91F32B6B300FDB275 /* VillimReview.swift */,
			);
			name = Models;
			sourceTree = "<group>";
		};
		3ED0AC361F746701005A7D22 /* Custom Marker */ = {
			isa = PBXGroup;
			children = (
				3ED0AC371F746737005A7D22 /* TriangleView.swift */,
				3ED0AC391F74675F005A7D22 /* CustomMarkerView.swift */,
			);
			name = "Custom Marker";
			sourceTree = "<group>";
		};
		3ED0DE6D1F340DE100C89908 /* Fonts */ = {
			isa = PBXGroup;
			children = (
				3EC65CBD1F7179980025AC6D /* BMDOHYEON.ttf */,
				3ED0DE701F340E0300C89908 /* NotoSansCJKkr-Bold.otf */,
				3ED0DE711F340E0300C89908 /* NotoSansCJKkr-DemiLight.otf */,
				3ED0DE721F340E0300C89908 /* NotoSansCJKkr-Medium.otf */,
				3ED0DE731F340E0300C89908 /* NotoSansCJKkr-Regular.otf */,
			);
			name = Fonts;
			sourceTree = "<group>";
		};
		CD22804159B5B93D14698D7B /* Pods */ = {
			isa = PBXGroup;
			children = (
				1C96302E00D0B8E662503B5D /* Pods-Villim.debug.xcconfig */,
				FE03815373A7AD321523721B /* Pods-Villim.release.xcconfig */,
				F2B065641EAFF280A3E9C440 /* Pods-VillimTests.debug.xcconfig */,
				F6595563A022D27E13E36E23 /* Pods-VillimTests.release.xcconfig */,
				D297C5EF9DB469E5903EBE94 /* Pods-VillimUITests.debug.xcconfig */,
				71CE8952B88C7C207789277C /* Pods-VillimUITests.release.xcconfig */,
			);
			name = Pods;
			sourceTree = "<group>";
		};
/* End PBXGroup section */

/* Begin PBXNativeTarget section */
		3E0F067A1F1E017B0023E229 /* Villim */ = {
			isa = PBXNativeTarget;
			buildConfigurationList = 3E0F06A31F1E017B0023E229 /* Build configuration list for PBXNativeTarget "Villim" */;
			buildPhases = (
				9F5A631E609B8C9407C6C838 /* [CP] Check Pods Manifest.lock */,
				3E0F06771F1E017B0023E229 /* Sources */,
				3E0F06781F1E017B0023E229 /* Frameworks */,
				3E0F06791F1E017B0023E229 /* Resources */,
				F71F06DD6791BB688C799E59 /* [CP] Embed Pods Frameworks */,
				8857A6EBBFCD5C98623671AB /* [CP] Copy Pods Resources */,
				3E92EAE21F3B1B1E00AC6FF3 /* ShellScript */,
			);
			buildRules = (
			);
			dependencies = (
			);
			name = Villim;
			productName = Villim;
			productReference = 3E0F067B1F1E017B0023E229 /* Villim.app */;
			productType = "com.apple.product-type.application";
		};
		3E0F068E1F1E017B0023E229 /* VillimTests */ = {
			isa = PBXNativeTarget;
			buildConfigurationList = 3E0F06A61F1E017B0023E229 /* Build configuration list for PBXNativeTarget "VillimTests" */;
			buildPhases = (
				4EC2D0F082A5B31B8D9C86FC /* [CP] Check Pods Manifest.lock */,
				3E0F068B1F1E017B0023E229 /* Sources */,
				3E0F068C1F1E017B0023E229 /* Frameworks */,
				3E0F068D1F1E017B0023E229 /* Resources */,
				162511E457E858B519F317B7 /* [CP] Embed Pods Frameworks */,
				784815C147BAF9A740C6E42D /* [CP] Copy Pods Resources */,
			);
			buildRules = (
			);
			dependencies = (
				3E0F06911F1E017B0023E229 /* PBXTargetDependency */,
			);
			name = VillimTests;
			productName = VillimTests;
			productReference = 3E0F068F1F1E017B0023E229 /* VillimTests.xctest */;
			productType = "com.apple.product-type.bundle.unit-test";
		};
		3E0F06991F1E017B0023E229 /* VillimUITests */ = {
			isa = PBXNativeTarget;
			buildConfigurationList = 3E0F06A91F1E017B0023E229 /* Build configuration list for PBXNativeTarget "VillimUITests" */;
			buildPhases = (
				986FA12633A668F9E13F09B4 /* [CP] Check Pods Manifest.lock */,
				3E0F06961F1E017B0023E229 /* Sources */,
				3E0F06971F1E017B0023E229 /* Frameworks */,
				3E0F06981F1E017B0023E229 /* Resources */,
				612609D2AAB9BA9750F6DB71 /* [CP] Embed Pods Frameworks */,
				F84A97360F87F3D13F8AA45F /* [CP] Copy Pods Resources */,
			);
			buildRules = (
			);
			dependencies = (
				3E0F069C1F1E017B0023E229 /* PBXTargetDependency */,
			);
			name = VillimUITests;
			productName = VillimUITests;
			productReference = 3E0F069A1F1E017B0023E229 /* VillimUITests.xctest */;
			productType = "com.apple.product-type.bundle.ui-testing";
		};
/* End PBXNativeTarget section */

/* Begin PBXProject section */
		3E0F06731F1E017A0023E229 /* Project object */ = {
			isa = PBXProject;
			attributes = {
				LastSwiftUpdateCheck = 0830;
				LastUpgradeCheck = 0830;
				ORGANIZATIONNAME = Villim;
				TargetAttributes = {
					3E0F067A1F1E017B0023E229 = {
						CreatedOnToolsVersion = 8.3.3;
						DevelopmentTeam = VFMX7ESCS5;
						ProvisioningStyle = Automatic;
					};
					3E0F068E1F1E017B0023E229 = {
						CreatedOnToolsVersion = 8.3.3;
						ProvisioningStyle = Automatic;
						TestTargetID = 3E0F067A1F1E017B0023E229;
					};
					3E0F06991F1E017B0023E229 = {
						CreatedOnToolsVersion = 8.3.3;
						ProvisioningStyle = Automatic;
						TestTargetID = 3E0F067A1F1E017B0023E229;
					};
				};
			};
			buildConfigurationList = 3E0F06761F1E017A0023E229 /* Build configuration list for PBXProject "Villim" */;
			compatibilityVersion = "Xcode 3.2";
			developmentRegion = English;
			hasScannedForEncodings = 0;
			knownRegions = (
				en,
				Base,
			);
			mainGroup = 3E0F06721F1E017A0023E229;
			productRefGroup = 3E0F067C1F1E017B0023E229 /* Products */;
			projectDirPath = "";
			projectRoot = "";
			targets = (
				3E0F067A1F1E017B0023E229 /* Villim */,
				3E0F068E1F1E017B0023E229 /* VillimTests */,
				3E0F06991F1E017B0023E229 /* VillimUITests */,
			);
		};
/* End PBXProject section */

/* Begin PBXResourcesBuildPhase section */
		3E0F06791F1E017B0023E229 /* Resources */ = {
			isa = PBXResourcesBuildPhase;
			buildActionMask = 2147483647;
			files = (
				3ED0AC351F734EBC005A7D22 /* styles.json in Resources */,
				3EC65CBE1F7179D00025AC6D /* BMDOHYEON.ttf in Resources */,
				3ED0DE761F340E2E00C89908 /* NotoSansCJKkr-Bold.otf in Resources */,
				3ED0DE771F340E2E00C89908 /* NotoSansCJKkr-DemiLight.otf in Resources */,
				3ED0DE781F340E2E00C89908 /* NotoSansCJKkr-Medium.otf in Resources */,
				3ED0DE791F340E2E00C89908 /* NotoSansCJKkr-Regular.otf in Resources */,
				3E92EAD71F3A3E5300AC6FF3 /* LaunchScreen.storyboard in Resources */,
				3E0F06C31F1E05100023E229 /* Localizable.strings in Resources */,
				3E0F06861F1E017B0023E229 /* Assets.xcassets in Resources */,
				3E0F06841F1E017B0023E229 /* Main.storyboard in Resources */,
				3EB051471F2AF3CE00EBBBCE /* InfoPlist.strings in Resources */,
			);
			runOnlyForDeploymentPostprocessing = 0;
		};
		3E0F068D1F1E017B0023E229 /* Resources */ = {
			isa = PBXResourcesBuildPhase;
			buildActionMask = 2147483647;
			files = (
			);
			runOnlyForDeploymentPostprocessing = 0;
		};
		3E0F06981F1E017B0023E229 /* Resources */ = {
			isa = PBXResourcesBuildPhase;
			buildActionMask = 2147483647;
			files = (
			);
			runOnlyForDeploymentPostprocessing = 0;
		};
/* End PBXResourcesBuildPhase section */

/* Begin PBXShellScriptBuildPhase section */
		162511E457E858B519F317B7 /* [CP] Embed Pods Frameworks */ = {
			isa = PBXShellScriptBuildPhase;
			buildActionMask = 2147483647;
			files = (
			);
			inputPaths = (
			);
			name = "[CP] Embed Pods Frameworks";
			outputPaths = (
			);
			runOnlyForDeploymentPostprocessing = 0;
			shellPath = /bin/sh;
			shellScript = "\"${SRCROOT}/Pods/Target Support Files/Pods-VillimTests/Pods-VillimTests-frameworks.sh\"\n";
			showEnvVarsInLog = 0;
		};
		3E92EAE21F3B1B1E00AC6FF3 /* ShellScript */ = {
			isa = PBXShellScriptBuildPhase;
			buildActionMask = 2147483647;
			files = (
			);
			inputPaths = (
			);
			outputPaths = (
			);
			runOnlyForDeploymentPostprocessing = 0;
			shellPath = /bin/sh;
			shellScript = "\"${PODS_ROOT}/Fabric/run\" 133e2c4df8b5edde7dd7f4a6a4e8adbb6cfba09d d95dc6a7a709324faec52096c679924579da75456d95ea285e8c69a947f9fe44";
		};
		4EC2D0F082A5B31B8D9C86FC /* [CP] Check Pods Manifest.lock */ = {
			isa = PBXShellScriptBuildPhase;
			buildActionMask = 2147483647;
			files = (
			);
			inputPaths = (
			);
			name = "[CP] Check Pods Manifest.lock";
			outputPaths = (
			);
			runOnlyForDeploymentPostprocessing = 0;
			shellPath = /bin/sh;
			shellScript = "diff \"${PODS_PODFILE_DIR_PATH}/Podfile.lock\" \"${PODS_ROOT}/Manifest.lock\" > /dev/null\nif [ $? != 0 ] ; then\n    # print error to STDERR\n    echo \"error: The sandbox is not in sync with the Podfile.lock. Run 'pod install' or update your CocoaPods installation.\" >&2\n    exit 1\nfi\n";
			showEnvVarsInLog = 0;
		};
		612609D2AAB9BA9750F6DB71 /* [CP] Embed Pods Frameworks */ = {
			isa = PBXShellScriptBuildPhase;
			buildActionMask = 2147483647;
			files = (
			);
			inputPaths = (
			);
			name = "[CP] Embed Pods Frameworks";
			outputPaths = (
			);
			runOnlyForDeploymentPostprocessing = 0;
			shellPath = /bin/sh;
			shellScript = "\"${SRCROOT}/Pods/Target Support Files/Pods-VillimUITests/Pods-VillimUITests-frameworks.sh\"\n";
			showEnvVarsInLog = 0;
		};
		784815C147BAF9A740C6E42D /* [CP] Copy Pods Resources */ = {
			isa = PBXShellScriptBuildPhase;
			buildActionMask = 2147483647;
			files = (
			);
			inputPaths = (
			);
			name = "[CP] Copy Pods Resources";
			outputPaths = (
			);
			runOnlyForDeploymentPostprocessing = 0;
			shellPath = /bin/sh;
			shellScript = "\"${SRCROOT}/Pods/Target Support Files/Pods-VillimTests/Pods-VillimTests-resources.sh\"\n";
			showEnvVarsInLog = 0;
		};
		8857A6EBBFCD5C98623671AB /* [CP] Copy Pods Resources */ = {
			isa = PBXShellScriptBuildPhase;
			buildActionMask = 2147483647;
			files = (
			);
			inputPaths = (
			);
			name = "[CP] Copy Pods Resources";
			outputPaths = (
			);
			runOnlyForDeploymentPostprocessing = 0;
			shellPath = /bin/sh;
			shellScript = "\"${SRCROOT}/Pods/Target Support Files/Pods-Villim/Pods-Villim-resources.sh\"\n";
			showEnvVarsInLog = 0;
		};
		986FA12633A668F9E13F09B4 /* [CP] Check Pods Manifest.lock */ = {
			isa = PBXShellScriptBuildPhase;
			buildActionMask = 2147483647;
			files = (
			);
			inputPaths = (
			);
			name = "[CP] Check Pods Manifest.lock";
			outputPaths = (
			);
			runOnlyForDeploymentPostprocessing = 0;
			shellPath = /bin/sh;
			shellScript = "diff \"${PODS_PODFILE_DIR_PATH}/Podfile.lock\" \"${PODS_ROOT}/Manifest.lock\" > /dev/null\nif [ $? != 0 ] ; then\n    # print error to STDERR\n    echo \"error: The sandbox is not in sync with the Podfile.lock. Run 'pod install' or update your CocoaPods installation.\" >&2\n    exit 1\nfi\n";
			showEnvVarsInLog = 0;
		};
		9F5A631E609B8C9407C6C838 /* [CP] Check Pods Manifest.lock */ = {
			isa = PBXShellScriptBuildPhase;
			buildActionMask = 2147483647;
			files = (
			);
			inputPaths = (
			);
			name = "[CP] Check Pods Manifest.lock";
			outputPaths = (
			);
			runOnlyForDeploymentPostprocessing = 0;
			shellPath = /bin/sh;
			shellScript = "diff \"${PODS_PODFILE_DIR_PATH}/Podfile.lock\" \"${PODS_ROOT}/Manifest.lock\" > /dev/null\nif [ $? != 0 ] ; then\n    # print error to STDERR\n    echo \"error: The sandbox is not in sync with the Podfile.lock. Run 'pod install' or update your CocoaPods installation.\" >&2\n    exit 1\nfi\n";
			showEnvVarsInLog = 0;
		};
		F71F06DD6791BB688C799E59 /* [CP] Embed Pods Frameworks */ = {
			isa = PBXShellScriptBuildPhase;
			buildActionMask = 2147483647;
			files = (
			);
			inputPaths = (
			);
			name = "[CP] Embed Pods Frameworks";
			outputPaths = (
			);
			runOnlyForDeploymentPostprocessing = 0;
			shellPath = /bin/sh;
			shellScript = "\"${SRCROOT}/Pods/Target Support Files/Pods-Villim/Pods-Villim-frameworks.sh\"\n";
			showEnvVarsInLog = 0;
		};
		F84A97360F87F3D13F8AA45F /* [CP] Copy Pods Resources */ = {
			isa = PBXShellScriptBuildPhase;
			buildActionMask = 2147483647;
			files = (
			);
			inputPaths = (
			);
			name = "[CP] Copy Pods Resources";
			outputPaths = (
			);
			runOnlyForDeploymentPostprocessing = 0;
			shellPath = /bin/sh;
			shellScript = "\"${SRCROOT}/Pods/Target Support Files/Pods-VillimUITests/Pods-VillimUITests-resources.sh\"\n";
			showEnvVarsInLog = 0;
		};
/* End PBXShellScriptBuildPhase section */

/* Begin PBXSourcesBuildPhase section */
		3E0F06771F1E017B0023E229 /* Sources */ = {
			isa = PBXSourcesBuildPhase;
			buildActionMask = 2147483647;
			files = (
				3EB0512C1F28801500EBBBCE /* HouseDetailViewController.swift in Sources */,
				3E8543881F21DF9200525F7A /* VillimHouse.swift in Sources */,
				3EB0513F1F28F25000EBBBCE /* HouseReviewTableViewCell.swift in Sources */,
				3EDE4CDC1F32E7CA00FDB275 /* PricePolicyViewController.swift in Sources */,
				3EDC276B1F35117D00228C1F /* ChangePasscodeSuccessViewController.swift in Sources */,
				3E50C8AD1F2B99F300308D4E /* VisitDetailViewController.swift in Sources */,
				3ED0AC2D1F732D36005A7D22 /* AppNavigationDrawerController.swift in Sources */,
				3ED0AC331F733426005A7D22 /* MenuViewController.swift in Sources */,
				3EDE4CDA1F32B6B300FDB275 /* VillimReview.swift in Sources */,
				3EDC13A91F2D11A900BA4077 /* RateHouseTableViewController.swift in Sources */,
				3ED0AC3A1F74675F005A7D22 /* CustomMarkerView.swift in Sources */,
				3E52413A1F3999BE007854FA /* ReservationSuccessViewController.swift in Sources */,
				3EDE4CD41F32AAE700FDB275 /* ViewReviewViewController.swift in Sources */,
				3E5F98881F2E8A9F003AAF8F /* VillimLocation.swift in Sources */,
				3EB0512E1F28C60C00EBBBCE /* HouseDetailTableViewController.swift in Sources */,
				3EDE4CF81F33B79900FDB275 /* ViewProfileNameTableViewCell.swift in Sources */,
				3EB051491F2AF57200EBBBCE /* ApplicationShortcut.swift in Sources */,
				3E85438A1F21E0F700525F7A /* VillimReservation.swift in Sources */,
				3E5043F21F45B3600064B773 /* MyRoomTableViewCell.swift in Sources */,
				3E5043F41F45C1300064B773 /* MyRoomHeaderView.swift in Sources */,
				3E0F06C11F1E02CE0023E229 /* VisitListViewController.swift in Sources */,
				3EB051431F292ADB00EBBBCE /* VillimAmenity.swift in Sources */,
				3E09540B1F27683A000240FA /* VillimVisit.swift in Sources */,
				3E0F06BA1F1E02CE0023E229 /* ProfileTableViewController.swift in Sources */,
				3EDE4CEC1F337BC800FDB275 /* ReservationPriceTableViewCell.swift in Sources */,
				3E0F06BC1F1E02CE0023E229 /* TabBarController.swift in Sources */,
				3EDE4CD01F32A1E200FDB275 /* AmenityViewController.swift in Sources */,
				3ED0AC381F746737005A7D22 /* TriangleView.swift in Sources */,
				3E0954091F274B2D000240FA /* VisitTableViewController.swift in Sources */,
				3E5043F61F45D1720064B773 /* InsetLabel.swift in Sources */,
				3EDE4CF21F33AD1800FDB275 /* ViewProfileTableViewCell.swift in Sources */,
				3EB0513B1F28F20900EBBBCE /* HouseGenericTableViewCell.swift in Sources */,
				3EDC13A11F2C390400BA4077 /* FindPasswordSuccessViewController.swift in Sources */,
				3EDC13A51F2CD4F400BA4077 /* ReviewHouseViewController.swift in Sources */,
				3E0F06C01F1E02CE0023E229 /* VillimUtils.swift in Sources */,
				3E92EADF1F3AD5A500AC6FF3 /* LicenseVIewController.swift in Sources */,
				3E5F98841F2E6D0F003AAF8F /* CalendarViewController.swift in Sources */,
				3EDC276F1F3537B200228C1F /* VerifyPhoneViewController.swift in Sources */,
				3EB051451F2A780800EBBBCE /* SlideButton.swift in Sources */,
				3EDE4CF41F33AD2600FDB275 /* ViewProfileImageTableViewCell.swift in Sources */,
				3EB0513D1F28F23D00EBBBCE /* HouseAmenitiesTableViewCell.swift in Sources */,
				3E0F06B81F1E02CE0023E229 /* LoginViewController.swift in Sources */,
				3EDE4CE21F33016F00FDB275 /* MapViewController.swift in Sources */,
				3EB051351F28F19900EBBBCE /* HouseHeaderTableViewCell.swift in Sources */,
				3EDC139D1F2C295200BA4077 /* WebViewController.swift in Sources */,
				3EDC13AB1F2D11BA00BA4077 /* RateHouseTableViewCell.swift in Sources */,
				3E0F06B71F1E02CE0023E229 /* DiscoverViewController.swift in Sources */,
				3EDE4CDE1F32FB6E00FDB275 /* HousePolicyViewController.swift in Sources */,
				3E5F98861F2E87C9003AAF8F /* LocationSuggestionTableViewController.swift in Sources */,
				3EA017E61F354BA6005557D1 /* VerificationCodeField.swift in Sources */,
				3E0F06811F1E017B0023E229 /* ViewController.swift in Sources */,
				3EB051411F28F25B00EBBBCE /* HouseMapTableViewCell.swift in Sources */,
				3E5043EE1F45ABD10064B773 /* MyRoomViewController.swift in Sources */,
				3EDE4CEE1F33A13F00FDB275 /* ViewProfileViewController.swift in Sources */,
				3EB051301F28F13400EBBBCE /* HostInfoTableViewCell.swift in Sources */,
				3E92EADD1F3AC8F100AC6FF3 /* SwitchTableViewCell.swift in Sources */,
				3ED0AC2F1F73318E005A7D22 /* AppNavigationController.swift in Sources */,
				3EDC13A31F2C5B2300BA4077 /* ChangePasscodeViewController.swift in Sources */,
				3EDE4CE41F3307B500FDB275 /* ReservationViewController.swift in Sources */,
				3EDC13A71F2D10D400BA4077 /* RateHouseViewController.swift in Sources */,
				3E956A051F34FA41001B7091 /* CustomTextField.swift in Sources */,
				3EDE4CD61F32B42800FDB275 /* ViewReviewTableViewController.swift in Sources */,
				3EB051371F28F1B800EBBBCE /* HouseInfographicTableViewCell.swift in Sources */,
				3E0F06BF1F1E02CE0023E229 /* VillimUser.swift in Sources */,
				3EDC276D1F35329A00228C1F /* AddPhoneViewController.swift in Sources */,
				3E0F06BE1F1E02CE0023E229 /* VillimSession.swift in Sources */,
				3E65CAF51F365C4900DD2A29 /* VillimDialog.swift in Sources */,
				3EDE4CEA1F337BBA00FDB275 /* ReservationDatesTableViewCell.swift in Sources */,
				3EDE4CE81F337BA500FDB275 /* ReservationHeaderTableViewCell.swift in Sources */,
				3E5F988A1F2EA3B6003AAF8F /* LocationSuggestionTableViewCell.swift in Sources */,
				3E5043EC1F4546960064B773 /* VisitListTableViewCell.swift in Sources */,
				3EDE4CE01F32FB8400FDB275 /* CancellationPolicyViewController.swift in Sources */,
				3E92EAD91F3A9C7900AC6FF3 /* SettingsViewController.swift in Sources */,
				3E0F06BB1F1E02CE0023E229 /* ProfileViewController.swift in Sources */,
				3E0F06B91F1E02CE0023E229 /* MyKeyViewController.swift in Sources */,
				3E5F98821F2E6CB6003AAF8F /* LocationFilterViewController.swift in Sources */,
				3E50C8AF1F2C085A00308D4E /* SignupViewController.swift in Sources */,
				3E956A031F348DF4001B7091 /* LocationFilterSearchField.swift in Sources */,
				3EDE4CF01F33AA0100FDB275 /* ViewProfileTableViewController.swift in Sources */,
				3EB051391F28F1CE00EBBBCE /* HouseDescriptionTableViewCell.swift in Sources */,
				3E92EAD31F39C15400AC6FF3 /* ReservationSuccessTableViewController.swift in Sources */,
				3EDE4CFA1F33C49000FDB275 /* ViewProfilePhoneNumberTableViewCell.swift in Sources */,
				3EDC139B1F2C0B1A00BA4077 /* VillimValues.swift in Sources */,
				3E0954071F21FDBB000240FA /* DiscoverTableViewController.swift in Sources */,
				3EDE4CD81F32B49800FDB275 /* ViewReviewTableViewCell.swift in Sources */,
				3E0F067F1F1E017B0023E229 /* AppDelegate.swift in Sources */,
				3EDC139F1F2C33A500BA4077 /* FindPasswordViewController.swift in Sources */,
				3EDE4CE61F33753A00FDB275 /* ReservationTableViewController.swift in Sources */,
				3E8E44811F42D5AF00F2841D /* DiscoverTableViewCell.swift in Sources */,
				3E9C4B461F6ED3C000C6C735 /* DiscoverCollectionViewCell.swift in Sources */,
				3E92EADB1F3AA0F400AC6FF3 /* SettingsTableViewController.swift in Sources */,
				3E974C801F21D7C6001F6456 /* HouseTableViewCell.swift in Sources */,
				3EDE4CD21F32A88500FDB275 /* AmenityTableViewController.swift in Sources */,
				3E5043F01F45B0560064B773 /* MyRoomTableViewController.swift in Sources */,
				3E0F06BD1F1E02CE0023E229 /* VillimKeys.swift in Sources */,
			);
			runOnlyForDeploymentPostprocessing = 0;
		};
		3E0F068B1F1E017B0023E229 /* Sources */ = {
			isa = PBXSourcesBuildPhase;
			buildActionMask = 2147483647;
			files = (
				3E0F06941F1E017B0023E229 /* VillimTests.swift in Sources */,
			);
			runOnlyForDeploymentPostprocessing = 0;
		};
		3E0F06961F1E017B0023E229 /* Sources */ = {
			isa = PBXSourcesBuildPhase;
			buildActionMask = 2147483647;
			files = (
				3E0F069F1F1E017B0023E229 /* VillimUITests.swift in Sources */,
			);
			runOnlyForDeploymentPostprocessing = 0;
		};
/* End PBXSourcesBuildPhase section */

/* Begin PBXTargetDependency section */
		3E0F06911F1E017B0023E229 /* PBXTargetDependency */ = {
			isa = PBXTargetDependency;
			target = 3E0F067A1F1E017B0023E229 /* Villim */;
			targetProxy = 3E0F06901F1E017B0023E229 /* PBXContainerItemProxy */;
		};
		3E0F069C1F1E017B0023E229 /* PBXTargetDependency */ = {
			isa = PBXTargetDependency;
			target = 3E0F067A1F1E017B0023E229 /* Villim */;
			targetProxy = 3E0F069B1F1E017B0023E229 /* PBXContainerItemProxy */;
		};
/* End PBXTargetDependency section */

/* Begin PBXVariantGroup section */
		3E0F06821F1E017B0023E229 /* Main.storyboard */ = {
			isa = PBXVariantGroup;
			children = (
				3E0F06831F1E017B0023E229 /* Base */,
			);
			name = Main.storyboard;
			sourceTree = "<group>";
		};
/* End PBXVariantGroup section */

/* Begin XCBuildConfiguration section */
		3E0F06A11F1E017B0023E229 /* Debug */ = {
			isa = XCBuildConfiguration;
			buildSettings = {
				ALWAYS_SEARCH_USER_PATHS = NO;
				CLANG_ANALYZER_NONNULL = YES;
				CLANG_ANALYZER_NUMBER_OBJECT_CONVERSION = YES_AGGRESSIVE;
				CLANG_CXX_LANGUAGE_STANDARD = "gnu++0x";
				CLANG_CXX_LIBRARY = "libc++";
				CLANG_ENABLE_MODULES = YES;
				CLANG_ENABLE_OBJC_ARC = YES;
				CLANG_WARN_BOOL_CONVERSION = YES;
				CLANG_WARN_CONSTANT_CONVERSION = YES;
				CLANG_WARN_DIRECT_OBJC_ISA_USAGE = YES_ERROR;
				CLANG_WARN_DOCUMENTATION_COMMENTS = YES;
				CLANG_WARN_EMPTY_BODY = YES;
				CLANG_WARN_ENUM_CONVERSION = YES;
				CLANG_WARN_INFINITE_RECURSION = YES;
				CLANG_WARN_INT_CONVERSION = YES;
				CLANG_WARN_OBJC_ROOT_CLASS = YES_ERROR;
				CLANG_WARN_SUSPICIOUS_MOVE = YES;
				CLANG_WARN_UNREACHABLE_CODE = YES;
				CLANG_WARN__DUPLICATE_METHOD_MATCH = YES;
				"CODE_SIGN_IDENTITY[sdk=iphoneos*]" = "iPhone Developer";
				COPY_PHASE_STRIP = NO;
				DEBUG_INFORMATION_FORMAT = dwarf;
				ENABLE_STRICT_OBJC_MSGSEND = YES;
				ENABLE_TESTABILITY = YES;
				GCC_C_LANGUAGE_STANDARD = gnu99;
				GCC_DYNAMIC_NO_PIC = NO;
				GCC_NO_COMMON_BLOCKS = YES;
				GCC_OPTIMIZATION_LEVEL = 0;
				GCC_PREPROCESSOR_DEFINITIONS = (
					"DEBUG=1",
					"$(inherited)",
				);
				GCC_WARN_64_TO_32_BIT_CONVERSION = YES;
				GCC_WARN_ABOUT_RETURN_TYPE = YES_ERROR;
				GCC_WARN_UNDECLARED_SELECTOR = YES;
				GCC_WARN_UNINITIALIZED_AUTOS = YES_AGGRESSIVE;
				GCC_WARN_UNUSED_FUNCTION = YES;
				GCC_WARN_UNUSED_VARIABLE = YES;
				IPHONEOS_DEPLOYMENT_TARGET = 10.0;
				MTL_ENABLE_DEBUG_INFO = YES;
				ONLY_ACTIVE_ARCH = YES;
				SDKROOT = iphoneos;
				SWIFT_ACTIVE_COMPILATION_CONDITIONS = DEBUG;
				SWIFT_OPTIMIZATION_LEVEL = "-Onone";
				TARGETED_DEVICE_FAMILY = "1,2";
			};
			name = Debug;
		};
		3E0F06A21F1E017B0023E229 /* Release */ = {
			isa = XCBuildConfiguration;
			buildSettings = {
				ALWAYS_SEARCH_USER_PATHS = NO;
				CLANG_ANALYZER_NONNULL = YES;
				CLANG_ANALYZER_NUMBER_OBJECT_CONVERSION = YES_AGGRESSIVE;
				CLANG_CXX_LANGUAGE_STANDARD = "gnu++0x";
				CLANG_CXX_LIBRARY = "libc++";
				CLANG_ENABLE_MODULES = YES;
				CLANG_ENABLE_OBJC_ARC = YES;
				CLANG_WARN_BOOL_CONVERSION = YES;
				CLANG_WARN_CONSTANT_CONVERSION = YES;
				CLANG_WARN_DIRECT_OBJC_ISA_USAGE = YES_ERROR;
				CLANG_WARN_DOCUMENTATION_COMMENTS = YES;
				CLANG_WARN_EMPTY_BODY = YES;
				CLANG_WARN_ENUM_CONVERSION = YES;
				CLANG_WARN_INFINITE_RECURSION = YES;
				CLANG_WARN_INT_CONVERSION = YES;
				CLANG_WARN_OBJC_ROOT_CLASS = YES_ERROR;
				CLANG_WARN_SUSPICIOUS_MOVE = YES;
				CLANG_WARN_UNREACHABLE_CODE = YES;
				CLANG_WARN__DUPLICATE_METHOD_MATCH = YES;
				"CODE_SIGN_IDENTITY[sdk=iphoneos*]" = "iPhone Developer";
				COPY_PHASE_STRIP = NO;
				DEBUG_INFORMATION_FORMAT = "dwarf-with-dsym";
				ENABLE_NS_ASSERTIONS = NO;
				ENABLE_STRICT_OBJC_MSGSEND = YES;
				GCC_C_LANGUAGE_STANDARD = gnu99;
				GCC_NO_COMMON_BLOCKS = YES;
				GCC_WARN_64_TO_32_BIT_CONVERSION = YES;
				GCC_WARN_ABOUT_RETURN_TYPE = YES_ERROR;
				GCC_WARN_UNDECLARED_SELECTOR = YES;
				GCC_WARN_UNINITIALIZED_AUTOS = YES_AGGRESSIVE;
				GCC_WARN_UNUSED_FUNCTION = YES;
				GCC_WARN_UNUSED_VARIABLE = YES;
				IPHONEOS_DEPLOYMENT_TARGET = 10.0;
				MTL_ENABLE_DEBUG_INFO = NO;
				SDKROOT = iphoneos;
				SWIFT_OPTIMIZATION_LEVEL = "-Owholemodule";
				TARGETED_DEVICE_FAMILY = "1,2";
				VALIDATE_PRODUCT = YES;
			};
			name = Release;
		};
		3E0F06A41F1E017B0023E229 /* Debug */ = {
			isa = XCBuildConfiguration;
			baseConfigurationReference = 1C96302E00D0B8E662503B5D /* Pods-Villim.debug.xcconfig */;
			buildSettings = {
				ASSETCATALOG_COMPILER_APPICON_NAME = AppIcon;
				"CODE_SIGN_IDENTITY[sdk=iphoneos*]" = "iPhone Developer";
				DEVELOPMENT_TEAM = VFMX7ESCS5;
				INFOPLIST_FILE = Villim/Info.plist;
				IPHONEOS_DEPLOYMENT_TARGET = 10.0;
				LD_RUNPATH_SEARCH_PATHS = "$(inherited) @executable_path/Frameworks";
				PRODUCT_BUNDLE_IDENTIFIER = net.villim.Villim;
				PRODUCT_NAME = "$(TARGET_NAME)";
				PROVISIONING_PROFILE_SPECIFIER = "";
				SWIFT_VERSION = 3.0;
			};
			name = Debug;
		};
		3E0F06A51F1E017B0023E229 /* Release */ = {
			isa = XCBuildConfiguration;
			baseConfigurationReference = FE03815373A7AD321523721B /* Pods-Villim.release.xcconfig */;
			buildSettings = {
				ASSETCATALOG_COMPILER_APPICON_NAME = AppIcon;
				"CODE_SIGN_IDENTITY[sdk=iphoneos*]" = "iPhone Developer";
				DEVELOPMENT_TEAM = VFMX7ESCS5;
				INFOPLIST_FILE = Villim/Info.plist;
				IPHONEOS_DEPLOYMENT_TARGET = 10.0;
				LD_RUNPATH_SEARCH_PATHS = "$(inherited) @executable_path/Frameworks";
				PRODUCT_BUNDLE_IDENTIFIER = net.villim.Villim;
				PRODUCT_NAME = "$(TARGET_NAME)";
				PROVISIONING_PROFILE_SPECIFIER = "";
				SWIFT_VERSION = 3.0;
			};
			name = Release;
		};
		3E0F06A71F1E017B0023E229 /* Debug */ = {
			isa = XCBuildConfiguration;
			baseConfigurationReference = F2B065641EAFF280A3E9C440 /* Pods-VillimTests.debug.xcconfig */;
			buildSettings = {
				ALWAYS_EMBED_SWIFT_STANDARD_LIBRARIES = YES;
				BUNDLE_LOADER = "$(TEST_HOST)";
				INFOPLIST_FILE = VillimTests/Info.plist;
				LD_RUNPATH_SEARCH_PATHS = "$(inherited) @executable_path/Frameworks @loader_path/Frameworks";
				PRODUCT_BUNDLE_IDENTIFIER = net.villim.VillimTests;
				PRODUCT_NAME = "$(TARGET_NAME)";
				SWIFT_VERSION = 3.0;
				TEST_HOST = "$(BUILT_PRODUCTS_DIR)/Villim.app/Villim";
			};
			name = Debug;
		};
		3E0F06A81F1E017B0023E229 /* Release */ = {
			isa = XCBuildConfiguration;
			baseConfigurationReference = F6595563A022D27E13E36E23 /* Pods-VillimTests.release.xcconfig */;
			buildSettings = {
				ALWAYS_EMBED_SWIFT_STANDARD_LIBRARIES = YES;
				BUNDLE_LOADER = "$(TEST_HOST)";
				INFOPLIST_FILE = VillimTests/Info.plist;
				LD_RUNPATH_SEARCH_PATHS = "$(inherited) @executable_path/Frameworks @loader_path/Frameworks";
				PRODUCT_BUNDLE_IDENTIFIER = net.villim.VillimTests;
				PRODUCT_NAME = "$(TARGET_NAME)";
				SWIFT_VERSION = 3.0;
				TEST_HOST = "$(BUILT_PRODUCTS_DIR)/Villim.app/Villim";
			};
			name = Release;
		};
		3E0F06AA1F1E017B0023E229 /* Debug */ = {
			isa = XCBuildConfiguration;
			baseConfigurationReference = D297C5EF9DB469E5903EBE94 /* Pods-VillimUITests.debug.xcconfig */;
			buildSettings = {
				ALWAYS_EMBED_SWIFT_STANDARD_LIBRARIES = YES;
				INFOPLIST_FILE = VillimUITests/Info.plist;
				LD_RUNPATH_SEARCH_PATHS = "$(inherited) @executable_path/Frameworks @loader_path/Frameworks";
				PRODUCT_BUNDLE_IDENTIFIER = net.villim.VillimUITests;
				PRODUCT_NAME = "$(TARGET_NAME)";
				SWIFT_VERSION = 3.0;
				TEST_TARGET_NAME = Villim;
			};
			name = Debug;
		};
		3E0F06AB1F1E017B0023E229 /* Release */ = {
			isa = XCBuildConfiguration;
			baseConfigurationReference = 71CE8952B88C7C207789277C /* Pods-VillimUITests.release.xcconfig */;
			buildSettings = {
				ALWAYS_EMBED_SWIFT_STANDARD_LIBRARIES = YES;
				INFOPLIST_FILE = VillimUITests/Info.plist;
				LD_RUNPATH_SEARCH_PATHS = "$(inherited) @executable_path/Frameworks @loader_path/Frameworks";
				PRODUCT_BUNDLE_IDENTIFIER = net.villim.VillimUITests;
				PRODUCT_NAME = "$(TARGET_NAME)";
				SWIFT_VERSION = 3.0;
				TEST_TARGET_NAME = Villim;
			};
			name = Release;
		};
/* End XCBuildConfiguration section */

/* Begin XCConfigurationList section */
		3E0F06761F1E017A0023E229 /* Build configuration list for PBXProject "Villim" */ = {
			isa = XCConfigurationList;
			buildConfigurations = (
				3E0F06A11F1E017B0023E229 /* Debug */,
				3E0F06A21F1E017B0023E229 /* Release */,
			);
			defaultConfigurationIsVisible = 0;
			defaultConfigurationName = Release;
		};
		3E0F06A31F1E017B0023E229 /* Build configuration list for PBXNativeTarget "Villim" */ = {
			isa = XCConfigurationList;
			buildConfigurations = (
				3E0F06A41F1E017B0023E229 /* Debug */,
				3E0F06A51F1E017B0023E229 /* Release */,
			);
			defaultConfigurationIsVisible = 0;
			defaultConfigurationName = Release;
		};
		3E0F06A61F1E017B0023E229 /* Build configuration list for PBXNativeTarget "VillimTests" */ = {
			isa = XCConfigurationList;
			buildConfigurations = (
				3E0F06A71F1E017B0023E229 /* Debug */,
				3E0F06A81F1E017B0023E229 /* Release */,
			);
			defaultConfigurationIsVisible = 0;
			defaultConfigurationName = Release;
		};
		3E0F06A91F1E017B0023E229 /* Build configuration list for PBXNativeTarget "VillimUITests" */ = {
			isa = XCConfigurationList;
			buildConfigurations = (
				3E0F06AA1F1E017B0023E229 /* Debug */,
				3E0F06AB1F1E017B0023E229 /* Release */,
			);
			defaultConfigurationIsVisible = 0;
			defaultConfigurationName = Release;
		};
/* End XCConfigurationList section */
	};
	rootObject = 3E0F06731F1E017A0023E229 /* Project object */;
}
